// !$*UTF8*$!
{
	archiveVersion = 1;
	classes = {
	};
	objectVersion = 56;
	objects = {

/* Begin PBXBuildFile section */
		5C0D3E502967C02500E92210 /* Watch App.xcassets in Resources */ = {isa = PBXBuildFile; fileRef = 5C0D3E4E2967C02500E92210 /* Watch App.xcassets */; };
		5C2D3CC12967AFF0007BB17C /* TimetableView.swift in Sources */ = {isa = PBXBuildFile; fileRef = 5C2D3CC02967AFF0007BB17C /* TimetableView.swift */; };
		5C2D3CC22967AFF0007BB17C /* TimetableView.swift in Sources */ = {isa = PBXBuildFile; fileRef = 5C2D3CC02967AFF0007BB17C /* TimetableView.swift */; };
		5C654E3128FB2B92000E2B9A /* HelpCommands.swift in Sources */ = {isa = PBXBuildFile; fileRef = 5C75AEA128FA0E02003E4DD4 /* HelpCommands.swift */; };
		5C70013E28F8A7620038404E /* App.swift in Sources */ = {isa = PBXBuildFile; fileRef = 5C70013D28F8A7620038404E /* App.swift */; };
		5C70014028F8A7620038404E /* IndexView.swift in Sources */ = {isa = PBXBuildFile; fileRef = 5C70013F28F8A7620038404E /* IndexView.swift */; };
		5C75AE9C28F9F36E003E4DD4 /* View.swift in Sources */ = {isa = PBXBuildFile; fileRef = 5C75AE9B28F9F36E003E4DD4 /* View.swift */; };
		5C75AE9D28F9F36E003E4DD4 /* View.swift in Sources */ = {isa = PBXBuildFile; fileRef = 5C75AE9B28F9F36E003E4DD4 /* View.swift */; };
		5C75AE9F28FA0850003E4DD4 /* ViewCommands.swift in Sources */ = {isa = PBXBuildFile; fileRef = 5C75AE9E28FA0850003E4DD4 /* ViewCommands.swift */; };
		5C75AEA228FA0E02003E4DD4 /* HelpCommands.swift in Sources */ = {isa = PBXBuildFile; fileRef = 5C75AEA128FA0E02003E4DD4 /* HelpCommands.swift */; };
		5C833EBC29675EE5005D94F9 /* TimeView.swift in Sources */ = {isa = PBXBuildFile; fileRef = 5C833EBB29675EE5005D94F9 /* TimeView.swift */; };
		5C833EBD29675EE5005D94F9 /* TimeView.swift in Sources */ = {isa = PBXBuildFile; fileRef = 5C833EBB29675EE5005D94F9 /* TimeView.swift */; };
		5C8C939928F8DC1D00916510 /* App.swift in Sources */ = {isa = PBXBuildFile; fileRef = 5C70013D28F8A7620038404E /* App.swift */; };
		5C8C939A28F8DC2F00916510 /* IndexView.swift in Sources */ = {isa = PBXBuildFile; fileRef = 5C70013F28F8A7620038404E /* IndexView.swift */; };
		5C8C939B28F8DC4F00916510 /* App.xcassets in Resources */ = {isa = PBXBuildFile; fileRef = 5C70014128F8A7630038404E /* App.xcassets */; };
		5C8C939D28F8DD3300916510 /* Boats in Frameworks */ = {isa = PBXBuildFile; productRef = 5C8C939C28F8DD3300916510 /* Boats */; };
		5CDE4E382967A90E00897761 /* DepartureView.swift in Sources */ = {isa = PBXBuildFile; fileRef = 5CDE4E372967A90E00897761 /* DepartureView.swift */; };
		5CDE4E392967A90E00897761 /* DepartureView.swift in Sources */ = {isa = PBXBuildFile; fileRef = 5CDE4E372967A90E00897761 /* DepartureView.swift */; };
		5CEA8B6828F8AF3500699EE5 /* Boats in Frameworks */ = {isa = PBXBuildFile; productRef = 5CEA8B6728F8AF3500699EE5 /* Boats */; };
/* End PBXBuildFile section */

/* Begin PBXFileReference section */
		5C01560828F8DB6F004934F5 /* Boats.app */ = {isa = PBXFileReference; explicitFileType = wrapper.application; includeInIndex = 0; path = Boats.app; sourceTree = BUILT_PRODUCTS_DIR; };
		5C01561028F8DB70004934F5 /* App.entitlements */ = {isa = PBXFileReference; lastKnownFileType = text.plist.entitlements; path = App.entitlements; sourceTree = "<group>"; };
		5C0D3E4E2967C02500E92210 /* Watch App.xcassets */ = {isa = PBXFileReference; lastKnownFileType = folder.assetcatalog; path = "Watch App.xcassets"; sourceTree = "<group>"; };
		5C2D3CC02967AFF0007BB17C /* TimetableView.swift */ = {isa = PBXFileReference; lastKnownFileType = sourcecode.swift; path = TimetableView.swift; sourceTree = "<group>"; };
		5C70013828F8A7620038404E /* Boats.app */ = {isa = PBXFileReference; explicitFileType = wrapper.application; includeInIndex = 0; path = Boats.app; sourceTree = BUILT_PRODUCTS_DIR; };
		5C70013D28F8A7620038404E /* App.swift */ = {isa = PBXFileReference; lastKnownFileType = sourcecode.swift; path = App.swift; sourceTree = "<group>"; };
		5C70013F28F8A7620038404E /* IndexView.swift */ = {isa = PBXFileReference; lastKnownFileType = sourcecode.swift; path = IndexView.swift; sourceTree = "<group>"; };
		5C70014128F8A7630038404E /* App.xcassets */ = {isa = PBXFileReference; lastKnownFileType = folder.assetcatalog; path = App.xcassets; sourceTree = "<group>"; };
		5C75AE9B28F9F36E003E4DD4 /* View.swift */ = {isa = PBXFileReference; lastKnownFileType = sourcecode.swift; path = View.swift; sourceTree = "<group>"; };
		5C75AE9E28FA0850003E4DD4 /* ViewCommands.swift */ = {isa = PBXFileReference; lastKnownFileType = sourcecode.swift; path = ViewCommands.swift; sourceTree = "<group>"; };
		5C75AEA128FA0E02003E4DD4 /* HelpCommands.swift */ = {isa = PBXFileReference; lastKnownFileType = sourcecode.swift; path = HelpCommands.swift; sourceTree = "<group>"; };
		5C833EBB29675EE5005D94F9 /* TimeView.swift */ = {isa = PBXFileReference; lastKnownFileType = sourcecode.swift; path = TimeView.swift; sourceTree = "<group>"; };
		5CDE4E372967A90E00897761 /* DepartureView.swift */ = {isa = PBXFileReference; lastKnownFileType = sourcecode.swift; path = DepartureView.swift; sourceTree = "<group>"; };
/* End PBXFileReference section */

/* Begin PBXFrameworksBuildPhase section */
		5C01560528F8DB6F004934F5 /* Frameworks */ = {
			isa = PBXFrameworksBuildPhase;
			buildActionMask = 2147483647;
			files = (
				5C8C939D28F8DD3300916510 /* Boats in Frameworks */,
			);
			runOnlyForDeploymentPostprocessing = 0;
		};
		5C70013528F8A7620038404E /* Frameworks */ = {
			isa = PBXFrameworksBuildPhase;
			buildActionMask = 2147483647;
			files = (
				5CEA8B6828F8AF3500699EE5 /* Boats in Frameworks */,
			);
			runOnlyForDeploymentPostprocessing = 0;
		};
/* End PBXFrameworksBuildPhase section */

/* Begin PBXGroup section */
		5C70012B28F8A7620038404E = {
			isa = PBXGroup;
			children = (
				5C01561028F8DB70004934F5 /* App.entitlements */,
				5C70013D28F8A7620038404E /* App.swift */,
				5C70014128F8A7630038404E /* App.xcassets */,
				5C0D3E4E2967C02500E92210 /* Watch App.xcassets */,
				5CDE4E372967A90E00897761 /* DepartureView.swift */,
				5C75AEA128FA0E02003E4DD4 /* HelpCommands.swift */,
				5C70013F28F8A7620038404E /* IndexView.swift */,
				5C2D3CC02967AFF0007BB17C /* TimetableView.swift */,
				5C833EBB29675EE5005D94F9 /* TimeView.swift */,
				5C75AE9E28FA0850003E4DD4 /* ViewCommands.swift */,
				5C75AE9B28F9F36E003E4DD4 /* View.swift */,
				5C70013328F8A7620038404E /* Products */,
				5CEA8B6628F8AF3500699EE5 /* Frameworks */,
			);
			sourceTree = "<group>";
		};
		5C70013328F8A7620038404E /* Products */ = {
			isa = PBXGroup;
			children = (
				5C70013828F8A7620038404E /* Boats.app */,
				5C01560828F8DB6F004934F5 /* Boats.app */,
			);
			name = Products;
			sourceTree = "<group>";
		};
		5CEA8B6628F8AF3500699EE5 /* Frameworks */ = {
			isa = PBXGroup;
			children = (
			);
			name = Frameworks;
			sourceTree = "<group>";
		};
/* End PBXGroup section */

/* Begin PBXNativeTarget section */
		5C01560728F8DB6F004934F5 /* App */ = {
			isa = PBXNativeTarget;
			buildConfigurationList = 5C01561628F8DB70004934F5 /* Build configuration list for PBXNativeTarget "App" */;
			buildPhases = (
				5C01560428F8DB6F004934F5 /* Sources */,
				5C01560528F8DB6F004934F5 /* Frameworks */,
				5C01560628F8DB6F004934F5 /* Resources */,
			);
			buildRules = (
			);
			dependencies = (
			);
			name = App;
			packageProductDependencies = (
				5C8C939C28F8DD3300916510 /* Boats */,
			);
			productName = BoatsAppApp;
			productReference = 5C01560828F8DB6F004934F5 /* Boats.app */;
			productType = "com.apple.product-type.application";
		};
		5C70013728F8A7620038404E /* Watch App */ = {
			isa = PBXNativeTarget;
			buildConfigurationList = 5C70014828F8A7630038404E /* Build configuration list for PBXNativeTarget "Watch App" */;
			buildPhases = (
				5C70013428F8A7620038404E /* Sources */,
				5C70013528F8A7620038404E /* Frameworks */,
				5C70013628F8A7620038404E /* Resources */,
			);
			buildRules = (
			);
			dependencies = (
			);
			name = "Watch App";
			packageProductDependencies = (
				5CEA8B6728F8AF3500699EE5 /* Boats */,
			);
			productName = "BoatsApp Watch App";
			productReference = 5C70013828F8A7620038404E /* Boats.app */;
			productType = "com.apple.product-type.application";
		};
/* End PBXNativeTarget section */

/* Begin PBXProject section */
		5C70012C28F8A7620038404E /* Project object */ = {
			isa = PBXProject;
			attributes = {
				BuildIndependentTargetsInParallel = 1;
				LastSwiftUpdateCheck = 1410;
				LastUpgradeCheck = 1420;
				TargetAttributes = {
					5C01560728F8DB6F004934F5 = {
						CreatedOnToolsVersion = 14.1;
					};
					5C70013728F8A7620038404E = {
						CreatedOnToolsVersion = 14.1;
					};
				};
			};
			buildConfigurationList = 5C70012F28F8A7620038404E /* Build configuration list for PBXProject "BoatsApp" */;
			compatibilityVersion = "Xcode 14.0";
			developmentRegion = en;
			hasScannedForEncodings = 0;
			knownRegions = (
				en,
				Base,
			);
			mainGroup = 5C70012B28F8A7620038404E;
			productRefGroup = 5C70013328F8A7620038404E /* Products */;
			projectDirPath = "";
			projectRoot = "";
			targets = (
				5C01560728F8DB6F004934F5 /* App */,
				5C70013728F8A7620038404E /* Watch App */,
			);
		};
/* End PBXProject section */

/* Begin PBXResourcesBuildPhase section */
		5C01560628F8DB6F004934F5 /* Resources */ = {
			isa = PBXResourcesBuildPhase;
			buildActionMask = 2147483647;
			files = (
				5C8C939B28F8DC4F00916510 /* App.xcassets in Resources */,
			);
			runOnlyForDeploymentPostprocessing = 0;
		};
		5C70013628F8A7620038404E /* Resources */ = {
			isa = PBXResourcesBuildPhase;
			buildActionMask = 2147483647;
			files = (
				5C0D3E502967C02500E92210 /* Watch App.xcassets in Resources */,
			);
			runOnlyForDeploymentPostprocessing = 0;
		};
/* End PBXResourcesBuildPhase section */

/* Begin PBXSourcesBuildPhase section */
		5C01560428F8DB6F004934F5 /* Sources */ = {
			isa = PBXSourcesBuildPhase;
			buildActionMask = 2147483647;
			files = (
				5C2D3CC12967AFF0007BB17C /* TimetableView.swift in Sources */,
				5C75AE9C28F9F36E003E4DD4 /* View.swift in Sources */,
				5C8C939A28F8DC2F00916510 /* IndexView.swift in Sources */,
				5C75AEA228FA0E02003E4DD4 /* HelpCommands.swift in Sources */,
				5C75AE9F28FA0850003E4DD4 /* ViewCommands.swift in Sources */,
				5C8C939928F8DC1D00916510 /* App.swift in Sources */,
				5C833EBC29675EE5005D94F9 /* TimeView.swift in Sources */,
				5CDE4E382967A90E00897761 /* DepartureView.swift in Sources */,
			);
			runOnlyForDeploymentPostprocessing = 0;
		};
		5C70013428F8A7620038404E /* Sources */ = {
			isa = PBXSourcesBuildPhase;
			buildActionMask = 2147483647;
			files = (
				5C654E3128FB2B92000E2B9A /* HelpCommands.swift in Sources */,
				5C2D3CC22967AFF0007BB17C /* TimetableView.swift in Sources */,
				5CDE4E392967A90E00897761 /* DepartureView.swift in Sources */,
				5C75AE9D28F9F36E003E4DD4 /* View.swift in Sources */,
				5C833EBD29675EE5005D94F9 /* TimeView.swift in Sources */,
				5C70014028F8A7620038404E /* IndexView.swift in Sources */,
				5C70013E28F8A7620038404E /* App.swift in Sources */,
			);
			runOnlyForDeploymentPostprocessing = 0;
		};
/* End PBXSourcesBuildPhase section */

/* Begin XCBuildConfiguration section */
		5C01561428F8DB70004934F5 /* Debug */ = {
			isa = XCBuildConfiguration;
			buildSettings = {
				ASSETCATALOG_COMPILER_APPICON_NAME = AppIcon;
				ASSETCATALOG_COMPILER_GLOBAL_ACCENT_COLOR_NAME = AccentColor;
				CODE_SIGN_ENTITLEMENTS = App.entitlements;
				CODE_SIGN_IDENTITY = "-";
				CODE_SIGN_STYLE = Automatic;
				CURRENT_PROJECT_VERSION = 0;
				DEAD_CODE_STRIPPING = YES;
				DEVELOPMENT_ASSET_PATHS = "";
				DEVELOPMENT_TEAM = 9Q3DL72K7D;
				ENABLE_HARDENED_RUNTIME = YES;
				ENABLE_PREVIEWS = YES;
				GENERATE_INFOPLIST_FILE = YES;
				INFOPLIST_KEY_CFBundleDisplayName = Boats;
				INFOPLIST_KEY_LSApplicationCategoryType = "public.app-category.utilities";
				"INFOPLIST_KEY_UIApplicationSceneManifest_Generation[sdk=iphoneos*]" = YES;
				"INFOPLIST_KEY_UIApplicationSceneManifest_Generation[sdk=iphonesimulator*]" = YES;
				"INFOPLIST_KEY_UIApplicationSupportsIndirectInputEvents[sdk=iphoneos*]" = YES;
				"INFOPLIST_KEY_UIApplicationSupportsIndirectInputEvents[sdk=iphonesimulator*]" = YES;
				"INFOPLIST_KEY_UILaunchScreen_Generation[sdk=iphoneos*]" = YES;
				"INFOPLIST_KEY_UILaunchScreen_Generation[sdk=iphonesimulator*]" = YES;
				"INFOPLIST_KEY_UIStatusBarStyle[sdk=iphoneos*]" = UIStatusBarStyleDefault;
				"INFOPLIST_KEY_UIStatusBarStyle[sdk=iphonesimulator*]" = UIStatusBarStyleDefault;
				INFOPLIST_KEY_UISupportedInterfaceOrientations = UIInterfaceOrientationPortrait;
				INFOPLIST_KEY_UISupportedInterfaceOrientations_iPad = "UIInterfaceOrientationLandscapeLeft UIInterfaceOrientationLandscapeRight UIInterfaceOrientationPortrait UIInterfaceOrientationPortraitUpsideDown";
				IPHONEOS_DEPLOYMENT_TARGET = 16.2;
				LD_RUNPATH_SEARCH_PATHS = "@executable_path/Frameworks";
				"LD_RUNPATH_SEARCH_PATHS[sdk=macosx*]" = "@executable_path/../Frameworks";
				MACOSX_DEPLOYMENT_TARGET = 13.1;
				MARKETING_VERSION = 5.0;
				PRODUCT_NAME = $inherited;
				SDKROOT = auto;
				SUPPORTED_PLATFORMS = "iphoneos iphonesimulator macosx";
				SWIFT_EMIT_LOC_STRINGS = YES;
				SWIFT_VERSION = 5.0;
				TARGETED_DEVICE_FAMILY = "1,2";
			};
			name = Debug;
		};
		5C01561528F8DB70004934F5 /* Release */ = {
			isa = XCBuildConfiguration;
			buildSettings = {
				ASSETCATALOG_COMPILER_APPICON_NAME = AppIcon;
				ASSETCATALOG_COMPILER_GLOBAL_ACCENT_COLOR_NAME = AccentColor;
				CODE_SIGN_ENTITLEMENTS = App.entitlements;
				CODE_SIGN_IDENTITY = "-";
				CODE_SIGN_STYLE = Automatic;
				CURRENT_PROJECT_VERSION = 0;
				DEAD_CODE_STRIPPING = YES;
				DEVELOPMENT_ASSET_PATHS = "";
				DEVELOPMENT_TEAM = 9Q3DL72K7D;
				ENABLE_HARDENED_RUNTIME = YES;
				ENABLE_PREVIEWS = YES;
				GENERATE_INFOPLIST_FILE = YES;
				INFOPLIST_KEY_CFBundleDisplayName = Boats;
				INFOPLIST_KEY_LSApplicationCategoryType = "public.app-category.utilities";
				"INFOPLIST_KEY_UIApplicationSceneManifest_Generation[sdk=iphoneos*]" = YES;
				"INFOPLIST_KEY_UIApplicationSceneManifest_Generation[sdk=iphonesimulator*]" = YES;
				"INFOPLIST_KEY_UIApplicationSupportsIndirectInputEvents[sdk=iphoneos*]" = YES;
				"INFOPLIST_KEY_UIApplicationSupportsIndirectInputEvents[sdk=iphonesimulator*]" = YES;
				"INFOPLIST_KEY_UILaunchScreen_Generation[sdk=iphoneos*]" = YES;
				"INFOPLIST_KEY_UILaunchScreen_Generation[sdk=iphonesimulator*]" = YES;
				"INFOPLIST_KEY_UIStatusBarStyle[sdk=iphoneos*]" = UIStatusBarStyleDefault;
				"INFOPLIST_KEY_UIStatusBarStyle[sdk=iphonesimulator*]" = UIStatusBarStyleDefault;
				INFOPLIST_KEY_UISupportedInterfaceOrientations = UIInterfaceOrientationPortrait;
				INFOPLIST_KEY_UISupportedInterfaceOrientations_iPad = "UIInterfaceOrientationLandscapeLeft UIInterfaceOrientationLandscapeRight UIInterfaceOrientationPortrait UIInterfaceOrientationPortraitUpsideDown";
				IPHONEOS_DEPLOYMENT_TARGET = 16.2;
				LD_RUNPATH_SEARCH_PATHS = "@executable_path/Frameworks";
				"LD_RUNPATH_SEARCH_PATHS[sdk=macosx*]" = "@executable_path/../Frameworks";
				MACOSX_DEPLOYMENT_TARGET = 13.1;
				MARKETING_VERSION = 5.0;
				PRODUCT_NAME = $inherited;
				SDKROOT = auto;
				SUPPORTED_PLATFORMS = "iphoneos iphonesimulator macosx";
				SWIFT_EMIT_LOC_STRINGS = YES;
				SWIFT_VERSION = 5.0;
				TARGETED_DEVICE_FAMILY = "1,2";
			};
			name = Release;
		};
		5C70014628F8A7630038404E /* Debug */ = {
			isa = XCBuildConfiguration;
			buildSettings = {
				ALWAYS_SEARCH_USER_PATHS = NO;
				CLANG_ANALYZER_NONNULL = YES;
				CLANG_ANALYZER_NUMBER_OBJECT_CONVERSION = YES_AGGRESSIVE;
				CLANG_CXX_LANGUAGE_STANDARD = "gnu++20";
				CLANG_ENABLE_MODULES = YES;
				CLANG_ENABLE_OBJC_ARC = YES;
				CLANG_ENABLE_OBJC_WEAK = YES;
				CLANG_WARN_BLOCK_CAPTURE_AUTORELEASING = YES;
				CLANG_WARN_BOOL_CONVERSION = YES;
				CLANG_WARN_COMMA = YES;
				CLANG_WARN_CONSTANT_CONVERSION = YES;
				CLANG_WARN_DEPRECATED_OBJC_IMPLEMENTATIONS = YES;
				CLANG_WARN_DIRECT_OBJC_ISA_USAGE = YES_ERROR;
				CLANG_WARN_DOCUMENTATION_COMMENTS = YES;
				CLANG_WARN_EMPTY_BODY = YES;
				CLANG_WARN_ENUM_CONVERSION = YES;
				CLANG_WARN_INFINITE_RECURSION = YES;
				CLANG_WARN_INT_CONVERSION = YES;
				CLANG_WARN_NON_LITERAL_NULL_CONVERSION = YES;
				CLANG_WARN_OBJC_IMPLICIT_RETAIN_SELF = YES;
				CLANG_WARN_OBJC_LITERAL_CONVERSION = YES;
				CLANG_WARN_OBJC_ROOT_CLASS = YES_ERROR;
				CLANG_WARN_QUOTED_INCLUDE_IN_FRAMEWORK_HEADER = YES;
				CLANG_WARN_RANGE_LOOP_ANALYSIS = YES;
				CLANG_WARN_STRICT_PROTOTYPES = YES;
				CLANG_WARN_SUSPICIOUS_MOVE = YES;
				CLANG_WARN_UNGUARDED_AVAILABILITY = YES_AGGRESSIVE;
				CLANG_WARN_UNREACHABLE_CODE = YES;
				CLANG_WARN__DUPLICATE_METHOD_MATCH = YES;
				COPY_PHASE_STRIP = NO;
				DEAD_CODE_STRIPPING = YES;
				DEBUG_INFORMATION_FORMAT = dwarf;
				ENABLE_STRICT_OBJC_MSGSEND = YES;
				ENABLE_TESTABILITY = YES;
				GCC_C_LANGUAGE_STANDARD = gnu11;
				GCC_DYNAMIC_NO_PIC = NO;
				GCC_NO_COMMON_BLOCKS = YES;
				GCC_OPTIMIZATION_LEVEL = 0;
				GCC_PREPROCESSOR_DEFINITIONS = (
					"DEBUG=1",
					"$(inherited)",
				);
				GCC_WARN_64_TO_32_BIT_CONVERSION = YES;
				GCC_WARN_ABOUT_RETURN_TYPE = YES_ERROR;
				GCC_WARN_UNDECLARED_SELECTOR = YES;
				GCC_WARN_UNINITIALIZED_AUTOS = YES_AGGRESSIVE;
				GCC_WARN_UNUSED_FUNCTION = YES;
				GCC_WARN_UNUSED_VARIABLE = YES;
				MTL_ENABLE_DEBUG_INFO = INCLUDE_SOURCE;
				MTL_FAST_MATH = YES;
				ONLY_ACTIVE_ARCH = YES;
				PRODUCT_BUNDLE_IDENTIFIER = com.toddheasley.ios.boats;
				PRODUCT_MODULE_NAME = "$(PRODUCT_NAME:c99extidentifier)App";
				PRODUCT_NAME = Boats;
				SWIFT_ACTIVE_COMPILATION_CONDITIONS = DEBUG;
				SWIFT_OPTIMIZATION_LEVEL = "-Onone";
			};
			name = Debug;
		};
		5C70014728F8A7630038404E /* Release */ = {
			isa = XCBuildConfiguration;
			buildSettings = {
				ALWAYS_SEARCH_USER_PATHS = NO;
				CLANG_ANALYZER_NONNULL = YES;
				CLANG_ANALYZER_NUMBER_OBJECT_CONVERSION = YES_AGGRESSIVE;
				CLANG_CXX_LANGUAGE_STANDARD = "gnu++20";
				CLANG_ENABLE_MODULES = YES;
				CLANG_ENABLE_OBJC_ARC = YES;
				CLANG_ENABLE_OBJC_WEAK = YES;
				CLANG_WARN_BLOCK_CAPTURE_AUTORELEASING = YES;
				CLANG_WARN_BOOL_CONVERSION = YES;
				CLANG_WARN_COMMA = YES;
				CLANG_WARN_CONSTANT_CONVERSION = YES;
				CLANG_WARN_DEPRECATED_OBJC_IMPLEMENTATIONS = YES;
				CLANG_WARN_DIRECT_OBJC_ISA_USAGE = YES_ERROR;
				CLANG_WARN_DOCUMENTATION_COMMENTS = YES;
				CLANG_WARN_EMPTY_BODY = YES;
				CLANG_WARN_ENUM_CONVERSION = YES;
				CLANG_WARN_INFINITE_RECURSION = YES;
				CLANG_WARN_INT_CONVERSION = YES;
				CLANG_WARN_NON_LITERAL_NULL_CONVERSION = YES;
				CLANG_WARN_OBJC_IMPLICIT_RETAIN_SELF = YES;
				CLANG_WARN_OBJC_LITERAL_CONVERSION = YES;
				CLANG_WARN_OBJC_ROOT_CLASS = YES_ERROR;
				CLANG_WARN_QUOTED_INCLUDE_IN_FRAMEWORK_HEADER = YES;
				CLANG_WARN_RANGE_LOOP_ANALYSIS = YES;
				CLANG_WARN_STRICT_PROTOTYPES = YES;
				CLANG_WARN_SUSPICIOUS_MOVE = YES;
				CLANG_WARN_UNGUARDED_AVAILABILITY = YES_AGGRESSIVE;
				CLANG_WARN_UNREACHABLE_CODE = YES;
				CLANG_WARN__DUPLICATE_METHOD_MATCH = YES;
				COPY_PHASE_STRIP = NO;
				DEAD_CODE_STRIPPING = YES;
				DEBUG_INFORMATION_FORMAT = "dwarf-with-dsym";
				ENABLE_NS_ASSERTIONS = NO;
				ENABLE_STRICT_OBJC_MSGSEND = YES;
				GCC_C_LANGUAGE_STANDARD = gnu11;
				GCC_NO_COMMON_BLOCKS = YES;
				GCC_WARN_64_TO_32_BIT_CONVERSION = YES;
				GCC_WARN_ABOUT_RETURN_TYPE = YES_ERROR;
				GCC_WARN_UNDECLARED_SELECTOR = YES;
				GCC_WARN_UNINITIALIZED_AUTOS = YES_AGGRESSIVE;
				GCC_WARN_UNUSED_FUNCTION = YES;
				GCC_WARN_UNUSED_VARIABLE = YES;
				MTL_ENABLE_DEBUG_INFO = NO;
				MTL_FAST_MATH = YES;
				PRODUCT_BUNDLE_IDENTIFIER = com.toddheasley.ios.boats;
				PRODUCT_MODULE_NAME = "$(PRODUCT_NAME:c99extidentifier)App";
				PRODUCT_NAME = Boats;
				SWIFT_COMPILATION_MODE = wholemodule;
				SWIFT_OPTIMIZATION_LEVEL = "-O";
			};
			name = Release;
		};
		5C70014928F8A7630038404E /* Debug */ = {
			isa = XCBuildConfiguration;
			buildSettings = {
				ASSETCATALOG_COMPILER_APPICON_NAME = AppIcon;
				ASSETCATALOG_COMPILER_GLOBAL_ACCENT_COLOR_NAME = AccentColor;
				CODE_SIGN_STYLE = Automatic;
				CURRENT_PROJECT_VERSION = 0;
				DEVELOPMENT_ASSET_PATHS = "";
				DEVELOPMENT_TEAM = 9Q3DL72K7D;
				ENABLE_PREVIEWS = YES;
				GENERATE_INFOPLIST_FILE = YES;
				INFOPLIST_KEY_UISupportedInterfaceOrientations = "UIInterfaceOrientationPortrait UIInterfaceOrientationPortraitUpsideDown";
				INFOPLIST_KEY_WKWatchOnly = YES;
				LD_RUNPATH_SEARCH_PATHS = (
					"$(inherited)",
					"@executable_path/Frameworks",
				);
				MARKETING_VERSION = 5.0;
				PRODUCT_BUNDLE_IDENTIFIER = $inherited;
				PRODUCT_NAME = $inherited;
				SDKROOT = watchos;
				SKIP_INSTALL = YES;
				SWIFT_EMIT_LOC_STRINGS = YES;
				SWIFT_VERSION = 5.0;
				TARGETED_DEVICE_FAMILY = 4;
				WATCHOS_DEPLOYMENT_TARGET = 9.1;
			};
			name = Debug;
		};
		5C70014A28F8A7630038404E /* Release */ = {
			isa = XCBuildConfiguration;
			buildSettings = {
				ASSETCATALOG_COMPILER_APPICON_NAME = AppIcon;
				ASSETCATALOG_COMPILER_GLOBAL_ACCENT_COLOR_NAME = AccentColor;
				CODE_SIGN_STYLE = Automatic;
				CURRENT_PROJECT_VERSION = 0;
				DEVELOPMENT_ASSET_PATHS = "";
				DEVELOPMENT_TEAM = 9Q3DL72K7D;
				ENABLE_PREVIEWS = YES;
				GENERATE_INFOPLIST_FILE = YES;
				INFOPLIST_KEY_UISupportedInterfaceOrientations = "UIInterfaceOrientationPortrait UIInterfaceOrientationPortraitUpsideDown";
				INFOPLIST_KEY_WKWatchOnly = YES;
				LD_RUNPATH_SEARCH_PATHS = (
					"$(inherited)",
					"@executable_path/Frameworks",
				);
				MARKETING_VERSION = 5.0;
				PRODUCT_BUNDLE_IDENTIFIER = $inherited;
				PRODUCT_NAME = $inherited;
				SDKROOT = watchos;
				SKIP_INSTALL = YES;
				SWIFT_EMIT_LOC_STRINGS = YES;
				SWIFT_VERSION = 5.0;
				TARGETED_DEVICE_FAMILY = 4;
				VALIDATE_PRODUCT = YES;
				WATCHOS_DEPLOYMENT_TARGET = 9.1;
			};
			name = Release;
		};
/* End XCBuildConfiguration section */

/* Begin XCConfigurationList section */
		5C01561628F8DB70004934F5 /* Build configuration list for PBXNativeTarget "App" */ = {
			isa = XCConfigurationList;
			buildConfigurations = (
				5C01561428F8DB70004934F5 /* Debug */,
				5C01561528F8DB70004934F5 /* Release */,
			);
			defaultConfigurationIsVisible = 0;
			defaultConfigurationName = Release;
		};
		5C70012F28F8A7620038404E /* Build configuration list for PBXProject "BoatsApp" */ = {
			isa = XCConfigurationList;
			buildConfigurations = (
				5C70014628F8A7630038404E /* Debug */,
				5C70014728F8A7630038404E /* Release */,
			);
			defaultConfigurationIsVisible = 0;
			defaultConfigurationName = Release;
		};
		5C70014828F8A7630038404E /* Build configuration list for PBXNativeTarget "Watch App" */ = {
			isa = XCConfigurationList;
			buildConfigurations = (
				5C70014928F8A7630038404E /* Debug */,
				5C70014A28F8A7630038404E /* Release */,
			);
			defaultConfigurationIsVisible = 0;
			defaultConfigurationName = Release;
		};
/* End XCConfigurationList section */

/* Begin XCSwiftPackageProductDependency section */
		5C8C939C28F8DD3300916510 /* Boats */ = {
			isa = XCSwiftPackageProductDependency;
			productName = Boats;
		};
		5CEA8B6728F8AF3500699EE5 /* Boats */ = {
			isa = XCSwiftPackageProductDependency;
			productName = Boats;
		};
/* End XCSwiftPackageProductDependency section */
	};
	rootObject = 5C70012C28F8A7620038404E /* Project object */;
}
