// !$*UTF8*$!
{
	archiveVersion = 1;
	classes = {
	};
	objectVersion = 50;
	objects = {

/* Begin PBXBuildFile section */
		5C2690AB203F13E900C7AAEA /* ScheduleView.swift in Sources */ = {isa = PBXBuildFile; fileRef = 5C2690AA203F13E900C7AAEA /* ScheduleView.swift */; };
		5C2B4955202A614B005B4775 /* Interface.storyboard in Resources */ = {isa = PBXBuildFile; fileRef = 5C2B4953202A614B005B4775 /* Interface.storyboard */; };
		5C2B4957202A614C005B4775 /* Assets.xcassets in Resources */ = {isa = PBXBuildFile; fileRef = 5C2B4956202A614C005B4775 /* Assets.xcassets */; };
		5C2B495E202A614C005B4775 /* BoatsWatchExtension.appex in Embed App Extensions */ = {isa = PBXBuildFile; fileRef = 5C2B495D202A614C005B4775 /* BoatsWatchExtension.appex */; settings = {ATTRIBUTES = (RemoveHeadersOnCopy, ); }; };
		5C2B4963202A614C005B4775 /* InterfaceController.swift in Sources */ = {isa = PBXBuildFile; fileRef = 5C2B4962202A614C005B4775 /* InterfaceController.swift */; };
		5C2B4965202A614C005B4775 /* ExtensionDelegate.swift in Sources */ = {isa = PBXBuildFile; fileRef = 5C2B4964202A614C005B4775 /* ExtensionDelegate.swift */; };
		5C2B4967202A614C005B4775 /* NotificationController.swift in Sources */ = {isa = PBXBuildFile; fileRef = 5C2B4966202A614C005B4775 /* NotificationController.swift */; };
		5C2B4969202A614C005B4775 /* ComplicationController.swift in Sources */ = {isa = PBXBuildFile; fileRef = 5C2B4968202A614C005B4775 /* ComplicationController.swift */; };
		5C2B496B202A614D005B4775 /* Assets.xcassets in Resources */ = {isa = PBXBuildFile; fileRef = 5C2B496A202A614D005B4775 /* Assets.xcassets */; };
		5C2B4970202A614D005B4775 /* BoatsWatch.app in Embed Watch Content */ = {isa = PBXBuildFile; fileRef = 5C2B4951202A614B005B4775 /* BoatsWatch.app */; };
		5C2BC43820444E7E00135294 /* UIEdgeInsets.swift in Sources */ = {isa = PBXBuildFile; fileRef = 5C2BC43720444E7E00135294 /* UIEdgeInsets.swift */; };
		5C3AFD74203F3BA2003F87D1 /* ScheduleViewCell.swift in Sources */ = {isa = PBXBuildFile; fileRef = 5C3AFD73203F3BA2003F87D1 /* ScheduleViewCell.swift */; };
		5C5E807F202D47CE001001B2 /* IconView.swift in Sources */ = {isa = PBXBuildFile; fileRef = 5C5E807E202D47CE001001B2 /* IconView.swift */; };
		5C5E8081202D4A4C001001B2 /* UIView.swift in Sources */ = {isa = PBXBuildFile; fileRef = 5C5E8080202D4A4C001001B2 /* UIView.swift */; };
		5C5F231C203320C4008D9FFE /* TimeView.swift in Sources */ = {isa = PBXBuildFile; fileRef = 5C5F231B203320C4008D9FFE /* TimeView.swift */; };
		5C5FC23A20445BE6007F9127 /* UIFont.swift in Sources */ = {isa = PBXBuildFile; fileRef = 5C5FC23920445BE6007F9127 /* UIFont.swift */; };
		5C8BB0D1203723B5001DB153 /* RouteView.swift in Sources */ = {isa = PBXBuildFile; fileRef = 5C8BB0D0203723B5001DB153 /* RouteView.swift */; };
		5C911B42203A1FA70020C927 /* DepartureView.swift in Sources */ = {isa = PBXBuildFile; fileRef = 5C911B41203A1FA70020C927 /* DepartureView.swift */; };
		5C93313B202A56AE00FE7B02 /* AppDelegate.swift in Sources */ = {isa = PBXBuildFile; fileRef = 5C93313A202A56AE00FE7B02 /* AppDelegate.swift */; };
		5C93313D202A56AE00FE7B02 /* ViewController.swift in Sources */ = {isa = PBXBuildFile; fileRef = 5C93313C202A56AE00FE7B02 /* ViewController.swift */; };
		5C933140202A56AE00FE7B02 /* Main.storyboard in Resources */ = {isa = PBXBuildFile; fileRef = 5C93313E202A56AE00FE7B02 /* Main.storyboard */; };
		5C933142202A56AF00FE7B02 /* Assets.xcassets in Resources */ = {isa = PBXBuildFile; fileRef = 5C933141202A56AF00FE7B02 /* Assets.xcassets */; };
		5C933145202A56AF00FE7B02 /* Launch.storyboard in Resources */ = {isa = PBXBuildFile; fileRef = 5C933143202A56AF00FE7B02 /* Launch.storyboard */; };
		5CA233FD203F5ECD009C9CF3 /* ScheduleDayReusableView.swift in Sources */ = {isa = PBXBuildFile; fileRef = 5CA233FC203F5ECD009C9CF3 /* ScheduleDayReusableView.swift */; };
		5CA233FF203F5F01009C9CF3 /* ScheduleHolidayReusableView.swift in Sources */ = {isa = PBXBuildFile; fileRef = 5CA233FE203F5F01009C9CF3 /* ScheduleHolidayReusableView.swift */; };
		5CB9379420367BD700505353 /* UIColor.swift in Sources */ = {isa = PBXBuildFile; fileRef = 5CB9379320367BD700505353 /* UIColor.swift */; };
		5CC264452038936800764A76 /* ProviderView.swift in Sources */ = {isa = PBXBuildFile; fileRef = 5CC264442038936800764A76 /* ProviderView.swift */; };
		5CC814C0203E1C8B00C3E2B8 /* RouteHeaderToolbar.swift in Sources */ = {isa = PBXBuildFile; fileRef = 5CC814BF203E1C8B00C3E2B8 /* RouteHeaderToolbar.swift */; };
		5CC814C2203E1CC200C3E2B8 /* RouteFooterToolbar.swift in Sources */ = {isa = PBXBuildFile; fileRef = 5CC814C1203E1CC200C3E2B8 /* RouteFooterToolbar.swift */; };
		5CC9A660202A5A0700B1B7F5 /* BoatsKit.framework in Frameworks */ = {isa = PBXBuildFile; fileRef = 5CC9A65F202A5A0700B1B7F5 /* BoatsKit.framework */; };
		5CC9A661202A5A0700B1B7F5 /* BoatsKit.framework in Embed Frameworks */ = {isa = PBXBuildFile; fileRef = 5CC9A65F202A5A0700B1B7F5 /* BoatsKit.framework */; settings = {ATTRIBUTES = (CodeSignOnCopy, RemoveHeadersOnCopy, ); }; };
		5CC9A66A202A5ADA00B1B7F5 /* BoatsTests.swift in Sources */ = {isa = PBXBuildFile; fileRef = 5CC9A669202A5ADA00B1B7F5 /* BoatsTests.swift */; };
		5CCBBE272033C90600E79F28 /* Mode.swift in Sources */ = {isa = PBXBuildFile; fileRef = 5CCBBE262033C90600E79F28 /* Mode.swift */; };
		5CCBBE292034965900E79F28 /* IndexViewController.swift in Sources */ = {isa = PBXBuildFile; fileRef = 5CCBBE282034965900E79F28 /* IndexViewController.swift */; };
		5CCBBE2B203496B400E79F28 /* RouteViewController.swift in Sources */ = {isa = PBXBuildFile; fileRef = 5CCBBE2A203496B400E79F28 /* RouteViewController.swift */; };
		5CCBBE2D20349B2700E79F28 /* Settings.bundle in Resources */ = {isa = PBXBuildFile; fileRef = 5CCBBE2C20349B2700E79F28 /* Settings.bundle */; };
		5CDEF180202A8E5A00DBB961 /* BoatsKit.framework in Frameworks */ = {isa = PBXBuildFile; fileRef = 5CDEF17F202A8E5A00DBB961 /* BoatsKit.framework */; };
		5CDEF181202A8E5A00DBB961 /* BoatsKit.framework in Embed Frameworks */ = {isa = PBXBuildFile; fileRef = 5CDEF17F202A8E5A00DBB961 /* BoatsKit.framework */; settings = {ATTRIBUTES = (CodeSignOnCopy, RemoveHeadersOnCopy, ); }; };
		5CE778532038C6470078468F /* Toolbar.swift in Sources */ = {isa = PBXBuildFile; fileRef = 5CE778522038C6470078468F /* Toolbar.swift */; };
		5CE778552038C8400078468F /* IndexToolbar.swift in Sources */ = {isa = PBXBuildFile; fileRef = 5CE778542038C8400078468F /* IndexToolbar.swift */; };
		5CFC7B242039D1F900F5784B /* IndexViewCell.swift in Sources */ = {isa = PBXBuildFile; fileRef = 5CFC7B232039D1F900F5784B /* IndexViewCell.swift */; };
/* End PBXBuildFile section */

/* Begin PBXContainerItemProxy section */
		5C2B495F202A614C005B4775 /* PBXContainerItemProxy */ = {
			isa = PBXContainerItemProxy;
			containerPortal = 5C93312F202A56AE00FE7B02 /* Project object */;
			proxyType = 1;
			remoteGlobalIDString = 5C2B495C202A614C005B4775;
			remoteInfo = BoatsWatchExtension;
		};
		5C2B496E202A614D005B4775 /* PBXContainerItemProxy */ = {
			isa = PBXContainerItemProxy;
			containerPortal = 5C93312F202A56AE00FE7B02 /* Project object */;
			proxyType = 1;
			remoteGlobalIDString = 5C2B4950202A614B005B4775;
			remoteInfo = BoatsWatch;
		};
		5CC9A66C202A5ADA00B1B7F5 /* PBXContainerItemProxy */ = {
			isa = PBXContainerItemProxy;
			containerPortal = 5C93312F202A56AE00FE7B02 /* Project object */;
			proxyType = 1;
			remoteGlobalIDString = 5C933136202A56AE00FE7B02;
			remoteInfo = Boats;
		};
/* End PBXContainerItemProxy section */

/* Begin PBXCopyFilesBuildPhase section */
		5C2B4976202A614D005B4775 /* Embed App Extensions */ = {
			isa = PBXCopyFilesBuildPhase;
			buildActionMask = 2147483647;
			dstPath = "";
			dstSubfolderSpec = 13;
			files = (
				5C2B495E202A614C005B4775 /* BoatsWatchExtension.appex in Embed App Extensions */,
			);
			name = "Embed App Extensions";
			runOnlyForDeploymentPostprocessing = 0;
		};
		5C2B4978202A614D005B4775 /* Embed Watch Content */ = {
			isa = PBXCopyFilesBuildPhase;
			buildActionMask = 2147483647;
			dstPath = "$(CONTENTS_FOLDER_PATH)/Watch";
			dstSubfolderSpec = 16;
			files = (
				5C2B4970202A614D005B4775 /* BoatsWatch.app in Embed Watch Content */,
			);
			name = "Embed Watch Content";
			runOnlyForDeploymentPostprocessing = 0;
		};
		5CC9A662202A5A0700B1B7F5 /* Embed Frameworks */ = {
			isa = PBXCopyFilesBuildPhase;
			buildActionMask = 2147483647;
			dstPath = "";
			dstSubfolderSpec = 10;
			files = (
				5CC9A661202A5A0700B1B7F5 /* BoatsKit.framework in Embed Frameworks */,
			);
			name = "Embed Frameworks";
			runOnlyForDeploymentPostprocessing = 0;
		};
		5CDEF182202A8E5A00DBB961 /* Embed Frameworks */ = {
			isa = PBXCopyFilesBuildPhase;
			buildActionMask = 2147483647;
			dstPath = "";
			dstSubfolderSpec = 10;
			files = (
				5CDEF181202A8E5A00DBB961 /* BoatsKit.framework in Embed Frameworks */,
			);
			name = "Embed Frameworks";
			runOnlyForDeploymentPostprocessing = 0;
		};
/* End PBXCopyFilesBuildPhase section */

/* Begin PBXFileReference section */
		5C2690AA203F13E900C7AAEA /* ScheduleView.swift */ = {isa = PBXFileReference; lastKnownFileType = sourcecode.swift; path = ScheduleView.swift; sourceTree = "<group>"; };
		5C2B4951202A614B005B4775 /* BoatsWatch.app */ = {isa = PBXFileReference; explicitFileType = wrapper.application; includeInIndex = 0; path = BoatsWatch.app; sourceTree = BUILT_PRODUCTS_DIR; };
		5C2B4954202A614B005B4775 /* Base */ = {isa = PBXFileReference; lastKnownFileType = file.storyboard; name = Base; path = Base.lproj/Interface.storyboard; sourceTree = "<group>"; };
		5C2B4956202A614C005B4775 /* Assets.xcassets */ = {isa = PBXFileReference; lastKnownFileType = folder.assetcatalog; path = Assets.xcassets; sourceTree = "<group>"; };
		5C2B4958202A614C005B4775 /* Info.plist */ = {isa = PBXFileReference; lastKnownFileType = text.plist.xml; path = Info.plist; sourceTree = "<group>"; };
		5C2B495D202A614C005B4775 /* BoatsWatchExtension.appex */ = {isa = PBXFileReference; explicitFileType = "wrapper.app-extension"; includeInIndex = 0; path = BoatsWatchExtension.appex; sourceTree = BUILT_PRODUCTS_DIR; };
		5C2B4962202A614C005B4775 /* InterfaceController.swift */ = {isa = PBXFileReference; lastKnownFileType = sourcecode.swift; path = InterfaceController.swift; sourceTree = "<group>"; };
		5C2B4964202A614C005B4775 /* ExtensionDelegate.swift */ = {isa = PBXFileReference; lastKnownFileType = sourcecode.swift; path = ExtensionDelegate.swift; sourceTree = "<group>"; };
		5C2B4966202A614C005B4775 /* NotificationController.swift */ = {isa = PBXFileReference; lastKnownFileType = sourcecode.swift; path = NotificationController.swift; sourceTree = "<group>"; };
		5C2B4968202A614C005B4775 /* ComplicationController.swift */ = {isa = PBXFileReference; lastKnownFileType = sourcecode.swift; path = ComplicationController.swift; sourceTree = "<group>"; };
		5C2B496A202A614D005B4775 /* Assets.xcassets */ = {isa = PBXFileReference; lastKnownFileType = folder.assetcatalog; path = Assets.xcassets; sourceTree = "<group>"; };
		5C2B496C202A614D005B4775 /* Info.plist */ = {isa = PBXFileReference; lastKnownFileType = text.plist.xml; path = Info.plist; sourceTree = "<group>"; };
		5C2B496D202A614D005B4775 /* PushNotificationPayload.apns */ = {isa = PBXFileReference; lastKnownFileType = text; path = PushNotificationPayload.apns; sourceTree = "<group>"; };
		5C2BC43720444E7E00135294 /* UIEdgeInsets.swift */ = {isa = PBXFileReference; lastKnownFileType = sourcecode.swift; path = UIEdgeInsets.swift; sourceTree = "<group>"; };
		5C3AFD73203F3BA2003F87D1 /* ScheduleViewCell.swift */ = {isa = PBXFileReference; lastKnownFileType = sourcecode.swift; path = ScheduleViewCell.swift; sourceTree = "<group>"; };
		5C5E807E202D47CE001001B2 /* IconView.swift */ = {isa = PBXFileReference; lastKnownFileType = sourcecode.swift; path = IconView.swift; sourceTree = "<group>"; };
		5C5E8080202D4A4C001001B2 /* UIView.swift */ = {isa = PBXFileReference; lastKnownFileType = sourcecode.swift; path = UIView.swift; sourceTree = "<group>"; };
		5C5F231B203320C4008D9FFE /* TimeView.swift */ = {isa = PBXFileReference; lastKnownFileType = sourcecode.swift; path = TimeView.swift; sourceTree = "<group>"; };
		5C5FC23920445BE6007F9127 /* UIFont.swift */ = {isa = PBXFileReference; lastKnownFileType = sourcecode.swift; path = UIFont.swift; sourceTree = "<group>"; };
		5C8BB0D0203723B5001DB153 /* RouteView.swift */ = {isa = PBXFileReference; lastKnownFileType = sourcecode.swift; path = RouteView.swift; sourceTree = "<group>"; };
		5C911B41203A1FA70020C927 /* DepartureView.swift */ = {isa = PBXFileReference; lastKnownFileType = sourcecode.swift; path = DepartureView.swift; sourceTree = "<group>"; };
		5C93313A202A56AE00FE7B02 /* AppDelegate.swift */ = {isa = PBXFileReference; lastKnownFileType = sourcecode.swift; path = AppDelegate.swift; sourceTree = "<group>"; };
		5C93313C202A56AE00FE7B02 /* ViewController.swift */ = {isa = PBXFileReference; lastKnownFileType = sourcecode.swift; path = ViewController.swift; sourceTree = "<group>"; };
		5C93313F202A56AE00FE7B02 /* Base */ = {isa = PBXFileReference; lastKnownFileType = file.storyboard; name = Base; path = Base.lproj/Main.storyboard; sourceTree = "<group>"; };
		5C933141202A56AF00FE7B02 /* Assets.xcassets */ = {isa = PBXFileReference; lastKnownFileType = folder.assetcatalog; path = Assets.xcassets; sourceTree = "<group>"; };
		5C933144202A56AF00FE7B02 /* Base */ = {isa = PBXFileReference; lastKnownFileType = file.storyboard; name = Base; path = Base.lproj/Launch.storyboard; sourceTree = "<group>"; };
		5C933146202A56AF00FE7B02 /* Info.plist */ = {isa = PBXFileReference; lastKnownFileType = text.plist.xml; path = Info.plist; sourceTree = "<group>"; };
		5CA233FC203F5ECD009C9CF3 /* ScheduleDayReusableView.swift */ = {isa = PBXFileReference; lastKnownFileType = sourcecode.swift; path = ScheduleDayReusableView.swift; sourceTree = "<group>"; };
		5CA233FE203F5F01009C9CF3 /* ScheduleHolidayReusableView.swift */ = {isa = PBXFileReference; lastKnownFileType = sourcecode.swift; path = ScheduleHolidayReusableView.swift; sourceTree = "<group>"; };
		5CB9379320367BD700505353 /* UIColor.swift */ = {isa = PBXFileReference; lastKnownFileType = sourcecode.swift; path = UIColor.swift; sourceTree = "<group>"; };
		5CC264442038936800764A76 /* ProviderView.swift */ = {isa = PBXFileReference; lastKnownFileType = sourcecode.swift; path = ProviderView.swift; sourceTree = "<group>"; };
		5CC814BF203E1C8B00C3E2B8 /* RouteHeaderToolbar.swift */ = {isa = PBXFileReference; lastKnownFileType = sourcecode.swift; path = RouteHeaderToolbar.swift; sourceTree = "<group>"; };
		5CC814C1203E1CC200C3E2B8 /* RouteFooterToolbar.swift */ = {isa = PBXFileReference; lastKnownFileType = sourcecode.swift; path = RouteFooterToolbar.swift; sourceTree = "<group>"; };
		5CC9A65D202A583B00B1B7F5 /* Boats.app */ = {isa = PBXFileReference; explicitFileType = wrapper.application; includeInIndex = 0; path = Boats.app; sourceTree = BUILT_PRODUCTS_DIR; };
		5CC9A65F202A5A0700B1B7F5 /* BoatsKit.framework */ = {isa = PBXFileReference; explicitFileType = wrapper.framework; path = BoatsKit.framework; sourceTree = BUILT_PRODUCTS_DIR; };
		5CC9A667202A5ADA00B1B7F5 /* BoatsTests.xctest */ = {isa = PBXFileReference; explicitFileType = wrapper.cfbundle; includeInIndex = 0; path = BoatsTests.xctest; sourceTree = BUILT_PRODUCTS_DIR; };
		5CC9A669202A5ADA00B1B7F5 /* BoatsTests.swift */ = {isa = PBXFileReference; lastKnownFileType = sourcecode.swift; path = BoatsTests.swift; sourceTree = "<group>"; };
		5CC9A66B202A5ADA00B1B7F5 /* Info.plist */ = {isa = PBXFileReference; lastKnownFileType = text.plist.xml; path = Info.plist; sourceTree = "<group>"; };
		5CCBBE262033C90600E79F28 /* Mode.swift */ = {isa = PBXFileReference; lastKnownFileType = sourcecode.swift; path = Mode.swift; sourceTree = "<group>"; };
		5CCBBE282034965900E79F28 /* IndexViewController.swift */ = {isa = PBXFileReference; lastKnownFileType = sourcecode.swift; path = IndexViewController.swift; sourceTree = "<group>"; };
		5CCBBE2A203496B400E79F28 /* RouteViewController.swift */ = {isa = PBXFileReference; lastKnownFileType = sourcecode.swift; path = RouteViewController.swift; sourceTree = "<group>"; };
		5CCBBE2C20349B2700E79F28 /* Settings.bundle */ = {isa = PBXFileReference; lastKnownFileType = "wrapper.plug-in"; path = Settings.bundle; sourceTree = "<group>"; };
		5CDEF17F202A8E5A00DBB961 /* BoatsKit.framework */ = {isa = PBXFileReference; explicitFileType = wrapper.framework; path = BoatsKit.framework; sourceTree = BUILT_PRODUCTS_DIR; };
		5CE778522038C6470078468F /* Toolbar.swift */ = {isa = PBXFileReference; lastKnownFileType = sourcecode.swift; path = Toolbar.swift; sourceTree = "<group>"; };
		5CE778542038C8400078468F /* IndexToolbar.swift */ = {isa = PBXFileReference; lastKnownFileType = sourcecode.swift; path = IndexToolbar.swift; sourceTree = "<group>"; };
		5CFC7B232039D1F900F5784B /* IndexViewCell.swift */ = {isa = PBXFileReference; lastKnownFileType = sourcecode.swift; path = IndexViewCell.swift; sourceTree = "<group>"; };
/* End PBXFileReference section */

/* Begin PBXFrameworksBuildPhase section */
		5C2B495A202A614C005B4775 /* Frameworks */ = {
			isa = PBXFrameworksBuildPhase;
			buildActionMask = 2147483647;
			files = (
				5CDEF180202A8E5A00DBB961 /* BoatsKit.framework in Frameworks */,
			);
			runOnlyForDeploymentPostprocessing = 0;
		};
		5C933134202A56AE00FE7B02 /* Frameworks */ = {
			isa = PBXFrameworksBuildPhase;
			buildActionMask = 2147483647;
			files = (
				5CC9A660202A5A0700B1B7F5 /* BoatsKit.framework in Frameworks */,
			);
			runOnlyForDeploymentPostprocessing = 0;
		};
		5CC9A664202A5ADA00B1B7F5 /* Frameworks */ = {
			isa = PBXFrameworksBuildPhase;
			buildActionMask = 2147483647;
			files = (
			);
			runOnlyForDeploymentPostprocessing = 0;
		};
/* End PBXFrameworksBuildPhase section */

/* Begin PBXGroup section */
		5C2B4952202A614B005B4775 /* BoatsWatch */ = {
			isa = PBXGroup;
			children = (
				5C2B4953202A614B005B4775 /* Interface.storyboard */,
				5C2B4956202A614C005B4775 /* Assets.xcassets */,
				5C2B4958202A614C005B4775 /* Info.plist */,
			);
			path = BoatsWatch;
			sourceTree = "<group>";
		};
		5C2B4961202A614C005B4775 /* BoatsWatchExtension */ = {
			isa = PBXGroup;
			children = (
				5C2B496A202A614D005B4775 /* Assets.xcassets */,
				5C2B4968202A614C005B4775 /* ComplicationController.swift */,
				5C2B4964202A614C005B4775 /* ExtensionDelegate.swift */,
				5C2B4962202A614C005B4775 /* InterfaceController.swift */,
				5C2B4966202A614C005B4775 /* NotificationController.swift */,
				5C2B496D202A614D005B4775 /* PushNotificationPayload.apns */,
				5C2B496C202A614D005B4775 /* Info.plist */,
			);
			path = BoatsWatchExtension;
			sourceTree = "<group>";
		};
		5C93312E202A56AE00FE7B02 = {
			isa = PBXGroup;
			children = (
				5C933139202A56AE00FE7B02 /* Boats */,
				5C2B4952202A614B005B4775 /* BoatsWatch */,
				5C2B4961202A614C005B4775 /* BoatsWatchExtension */,
				5CC9A668202A5ADA00B1B7F5 /* BoatsTests */,
				5CC9A65F202A5A0700B1B7F5 /* BoatsKit.framework */,
				5CDEF17F202A8E5A00DBB961 /* BoatsKit.framework */,
				5CC9A65D202A583B00B1B7F5 /* Boats.app */,
				5C2B4951202A614B005B4775 /* BoatsWatch.app */,
				5C2B495D202A614C005B4775 /* BoatsWatchExtension.appex */,
				5CC9A667202A5ADA00B1B7F5 /* BoatsTests.xctest */,
			);
			sourceTree = "<group>";
		};
		5C933139202A56AE00FE7B02 /* Boats */ = {
			isa = PBXGroup;
			children = (
				5C93313A202A56AE00FE7B02 /* AppDelegate.swift */,
				5C933141202A56AF00FE7B02 /* Assets.xcassets */,
				5C911B41203A1FA70020C927 /* DepartureView.swift */,
				5C5E807E202D47CE001001B2 /* IconView.swift */,
				5CE778542038C8400078468F /* IndexToolbar.swift */,
				5CFC7B232039D1F900F5784B /* IndexViewCell.swift */,
				5CCBBE282034965900E79F28 /* IndexViewController.swift */,
				5C933143202A56AF00FE7B02 /* Launch.storyboard */,
				5C93313E202A56AE00FE7B02 /* Main.storyboard */,
				5CCBBE262033C90600E79F28 /* Mode.swift */,
				5CC264442038936800764A76 /* ProviderView.swift */,
				5CC814C1203E1CC200C3E2B8 /* RouteFooterToolbar.swift */,
				5CC814BF203E1C8B00C3E2B8 /* RouteHeaderToolbar.swift */,
				5C8BB0D0203723B5001DB153 /* RouteView.swift */,
				5CCBBE2A203496B400E79F28 /* RouteViewController.swift */,
				5CA233FC203F5ECD009C9CF3 /* ScheduleDayReusableView.swift */,
				5CA233FE203F5F01009C9CF3 /* ScheduleHolidayReusableView.swift */,
				5C2690AA203F13E900C7AAEA /* ScheduleView.swift */,
				5C3AFD73203F3BA2003F87D1 /* ScheduleViewCell.swift */,
				5CCBBE2C20349B2700E79F28 /* Settings.bundle */,
				5C5F231B203320C4008D9FFE /* TimeView.swift */,
				5CE778522038C6470078468F /* Toolbar.swift */,
				5CB9379320367BD700505353 /* UIColor.swift */,
				5C2BC43720444E7E00135294 /* UIEdgeInsets.swift */,
				5C5FC23920445BE6007F9127 /* UIFont.swift */,
				5C5E8080202D4A4C001001B2 /* UIView.swift */,
				5C93313C202A56AE00FE7B02 /* ViewController.swift */,
				5C933146202A56AF00FE7B02 /* Info.plist */,
			);
			path = Boats;
			sourceTree = "<group>";
		};
		5CC9A668202A5ADA00B1B7F5 /* BoatsTests */ = {
			isa = PBXGroup;
			children = (
				5CC9A669202A5ADA00B1B7F5 /* BoatsTests.swift */,
				5CC9A66B202A5ADA00B1B7F5 /* Info.plist */,
			);
			path = BoatsTests;
			sourceTree = "<group>";
		};
/* End PBXGroup section */

/* Begin PBXNativeTarget section */
		5C2B4950202A614B005B4775 /* BoatsWatch */ = {
			isa = PBXNativeTarget;
			buildConfigurationList = 5C2B4977202A614D005B4775 /* Build configuration list for PBXNativeTarget "BoatsWatch" */;
			buildPhases = (
				5C2B494F202A614B005B4775 /* Resources */,
				5C2B4976202A614D005B4775 /* Embed App Extensions */,
				5C9B025120D04530002B85DE /* Set Build Number */,
			);
			buildRules = (
			);
			dependencies = (
				5C2B4960202A614C005B4775 /* PBXTargetDependency */,
			);
			name = BoatsWatch;
			productName = BoatsWatch;
			productReference = 5C2B4951202A614B005B4775 /* BoatsWatch.app */;
			productType = "com.apple.product-type.application.watchapp2";
		};
		5C2B495C202A614C005B4775 /* BoatsWatchExtension */ = {
			isa = PBXNativeTarget;
			buildConfigurationList = 5C2B4975202A614D005B4775 /* Build configuration list for PBXNativeTarget "BoatsWatchExtension" */;
			buildPhases = (
				5C2B4959202A614C005B4775 /* Sources */,
				5C2B495A202A614C005B4775 /* Frameworks */,
				5C2B495B202A614C005B4775 /* Resources */,
				5CDEF182202A8E5A00DBB961 /* Embed Frameworks */,
				5CBF07CC20D045F000446F32 /* Set Build Number */,
			);
			buildRules = (
			);
			dependencies = (
			);
			name = BoatsWatchExtension;
			productName = BoatsWatchExtension;
			productReference = 5C2B495D202A614C005B4775 /* BoatsWatchExtension.appex */;
			productType = "com.apple.product-type.watchkit2-extension";
		};
		5C933136202A56AE00FE7B02 /* Boats */ = {
			isa = PBXNativeTarget;
			buildConfigurationList = 5C933149202A56AF00FE7B02 /* Build configuration list for PBXNativeTarget "Boats" */;
			buildPhases = (
				5C933133202A56AE00FE7B02 /* Sources */,
				5C933134202A56AE00FE7B02 /* Frameworks */,
				5C933135202A56AE00FE7B02 /* Resources */,
				5CC9A662202A5A0700B1B7F5 /* Embed Frameworks */,
				5C2B4978202A614D005B4775 /* Embed Watch Content */,
				5CC9A65E202A59CE00B1B7F5 /* Set Build Number */,
			);
			buildRules = (
			);
			dependencies = (
				5C2B496F202A614D005B4775 /* PBXTargetDependency */,
			);
			name = Boats;
			productName = Boats;
			productReference = 5CC9A65D202A583B00B1B7F5 /* Boats.app */;
			productType = "com.apple.product-type.application";
		};
		5CC9A666202A5ADA00B1B7F5 /* BoatsTests */ = {
			isa = PBXNativeTarget;
			buildConfigurationList = 5CC9A66E202A5ADA00B1B7F5 /* Build configuration list for PBXNativeTarget "BoatsTests" */;
			buildPhases = (
				5CC9A663202A5ADA00B1B7F5 /* Sources */,
				5CC9A664202A5ADA00B1B7F5 /* Frameworks */,
				5CC9A665202A5ADA00B1B7F5 /* Resources */,
			);
			buildRules = (
			);
			dependencies = (
				5CC9A66D202A5ADA00B1B7F5 /* PBXTargetDependency */,
			);
			name = BoatsTests;
			productName = BoatsTests;
			productReference = 5CC9A667202A5ADA00B1B7F5 /* BoatsTests.xctest */;
			productType = "com.apple.product-type.bundle.unit-test";
		};
/* End PBXNativeTarget section */

/* Begin PBXProject section */
		5C93312F202A56AE00FE7B02 /* Project object */ = {
			isa = PBXProject;
			attributes = {
				LastSwiftUpdateCheck = 0930;
				LastUpgradeCheck = 1000;
				ORGANIZATIONNAME = "@toddheasley";
				TargetAttributes = {
					5C2B4950202A614B005B4775 = {
						CreatedOnToolsVersion = 9.3;
						LastSwiftMigration = 1000;
					};
					5C2B495C202A614C005B4775 = {
						CreatedOnToolsVersion = 9.3;
						LastSwiftMigration = 1000;
					};
					5C933136202A56AE00FE7B02 = {
						CreatedOnToolsVersion = 9.3;
						LastSwiftMigration = 1000;
					};
					5CC9A666202A5ADA00B1B7F5 = {
						CreatedOnToolsVersion = 9.3;
						LastSwiftMigration = 1000;
						TestTargetID = 5C933136202A56AE00FE7B02;
					};
				};
			};
			buildConfigurationList = 5C933132202A56AE00FE7B02 /* Build configuration list for PBXProject "Boats" */;
			compatibilityVersion = "Xcode 9.3";
			developmentRegion = en;
			hasScannedForEncodings = 0;
			knownRegions = (
				en,
				Base,
			);
			mainGroup = 5C93312E202A56AE00FE7B02;
			productRefGroup = 5C93312E202A56AE00FE7B02;
			projectDirPath = "";
			projectRoot = "";
			targets = (
				5C933136202A56AE00FE7B02 /* Boats */,
				5C2B4950202A614B005B4775 /* BoatsWatch */,
				5C2B495C202A614C005B4775 /* BoatsWatchExtension */,
				5CC9A666202A5ADA00B1B7F5 /* BoatsTests */,
			);
		};
/* End PBXProject section */

/* Begin PBXResourcesBuildPhase section */
		5C2B494F202A614B005B4775 /* Resources */ = {
			isa = PBXResourcesBuildPhase;
			buildActionMask = 2147483647;
			files = (
				5C2B4957202A614C005B4775 /* Assets.xcassets in Resources */,
				5C2B4955202A614B005B4775 /* Interface.storyboard in Resources */,
			);
			runOnlyForDeploymentPostprocessing = 0;
		};
		5C2B495B202A614C005B4775 /* Resources */ = {
			isa = PBXResourcesBuildPhase;
			buildActionMask = 2147483647;
			files = (
				5C2B496B202A614D005B4775 /* Assets.xcassets in Resources */,
			);
			runOnlyForDeploymentPostprocessing = 0;
		};
		5C933135202A56AE00FE7B02 /* Resources */ = {
			isa = PBXResourcesBuildPhase;
			buildActionMask = 2147483647;
			files = (
				5CCBBE2D20349B2700E79F28 /* Settings.bundle in Resources */,
				5C933145202A56AF00FE7B02 /* Launch.storyboard in Resources */,
				5C933142202A56AF00FE7B02 /* Assets.xcassets in Resources */,
				5C933140202A56AE00FE7B02 /* Main.storyboard in Resources */,
			);
			runOnlyForDeploymentPostprocessing = 0;
		};
		5CC9A665202A5ADA00B1B7F5 /* Resources */ = {
			isa = PBXResourcesBuildPhase;
			buildActionMask = 2147483647;
			files = (
			);
			runOnlyForDeploymentPostprocessing = 0;
		};
/* End PBXResourcesBuildPhase section */

/* Begin PBXShellScriptBuildPhase section */
		5C9B025120D04530002B85DE /* Set Build Number */ = {
			isa = PBXShellScriptBuildPhase;
			buildActionMask = 2147483647;
			files = (
			);
			inputFileListPaths = (
			);
			inputPaths = (
			);
			name = "Set Build Number";
			outputFileListPaths = (
			);
			outputPaths = (
			);
			runOnlyForDeploymentPostprocessing = 0;
			shellPath = /bin/sh;
			shellScript = "git=`sh /etc/profile; which git`\nbundleVersion=`\"$git\" rev-list --all |wc -l`\n/usr/libexec/PlistBuddy -c \"Set :CFBundleVersion $bundleVersion\" \"${TARGET_BUILD_DIR}/${INFOPLIST_PATH}\"\n";
		};
		5CBF07CC20D045F000446F32 /* Set Build Number */ = {
			isa = PBXShellScriptBuildPhase;
			buildActionMask = 2147483647;
			files = (
			);
			inputFileListPaths = (
			);
			inputPaths = (
			);
			name = "Set Build Number";
			outputFileListPaths = (
			);
			outputPaths = (
			);
			runOnlyForDeploymentPostprocessing = 0;
			shellPath = /bin/sh;
			shellScript = "git=`sh /etc/profile; which git`\nbundleVersion=`\"$git\" rev-list --all |wc -l`\n/usr/libexec/PlistBuddy -c \"Set :CFBundleVersion $bundleVersion\" \"${TARGET_BUILD_DIR}/${INFOPLIST_PATH}\"\n";
		};
		5CC9A65E202A59CE00B1B7F5 /* Set Build Number */ = {
			isa = PBXShellScriptBuildPhase;
			buildActionMask = 2147483647;
			files = (
			);
			inputPaths = (
			);
			name = "Set Build Number";
			outputPaths = (
			);
			runOnlyForDeploymentPostprocessing = 0;
			shellPath = /bin/sh;
			shellScript = "git=`sh /etc/profile; which git`\nbundleVersion=`\"$git\" rev-list --all |wc -l`\n/usr/libexec/PlistBuddy -c \"Set :CFBundleVersion $bundleVersion\" \"${TARGET_BUILD_DIR}/${INFOPLIST_PATH}\"\n";
		};
/* End PBXShellScriptBuildPhase section */

/* Begin PBXSourcesBuildPhase section */
		5C2B4959202A614C005B4775 /* Sources */ = {
			isa = PBXSourcesBuildPhase;
			buildActionMask = 2147483647;
			files = (
				5C2B4967202A614C005B4775 /* NotificationController.swift in Sources */,
				5C2B4969202A614C005B4775 /* ComplicationController.swift in Sources */,
				5C2B4965202A614C005B4775 /* ExtensionDelegate.swift in Sources */,
				5C2B4963202A614C005B4775 /* InterfaceController.swift in Sources */,
			);
			runOnlyForDeploymentPostprocessing = 0;
		};
		5C933133202A56AE00FE7B02 /* Sources */ = {
			isa = PBXSourcesBuildPhase;
			buildActionMask = 2147483647;
			files = (
				5C3AFD74203F3BA2003F87D1 /* ScheduleViewCell.swift in Sources */,
				5C5E8081202D4A4C001001B2 /* UIView.swift in Sources */,
				5C5FC23A20445BE6007F9127 /* UIFont.swift in Sources */,
				5CE778532038C6470078468F /* Toolbar.swift in Sources */,
				5CE778552038C8400078468F /* IndexToolbar.swift in Sources */,
				5CFC7B242039D1F900F5784B /* IndexViewCell.swift in Sources */,
				5CA233FD203F5ECD009C9CF3 /* ScheduleDayReusableView.swift in Sources */,
				5C911B42203A1FA70020C927 /* DepartureView.swift in Sources */,
				5C2690AB203F13E900C7AAEA /* ScheduleView.swift in Sources */,
				5C5E807F202D47CE001001B2 /* IconView.swift in Sources */,
				5CCBBE2B203496B400E79F28 /* RouteViewController.swift in Sources */,
				5CCBBE272033C90600E79F28 /* Mode.swift in Sources */,
				5C5F231C203320C4008D9FFE /* TimeView.swift in Sources */,
				5C93313D202A56AE00FE7B02 /* ViewController.swift in Sources */,
				5CA233FF203F5F01009C9CF3 /* ScheduleHolidayReusableView.swift in Sources */,
				5CC264452038936800764A76 /* ProviderView.swift in Sources */,
				5C8BB0D1203723B5001DB153 /* RouteView.swift in Sources */,
				5CCBBE292034965900E79F28 /* IndexViewController.swift in Sources */,
				5CC814C2203E1CC200C3E2B8 /* RouteFooterToolbar.swift in Sources */,
				5C93313B202A56AE00FE7B02 /* AppDelegate.swift in Sources */,
				5CC814C0203E1C8B00C3E2B8 /* RouteHeaderToolbar.swift in Sources */,
				5C2BC43820444E7E00135294 /* UIEdgeInsets.swift in Sources */,
				5CB9379420367BD700505353 /* UIColor.swift in Sources */,
			);
			runOnlyForDeploymentPostprocessing = 0;
		};
		5CC9A663202A5ADA00B1B7F5 /* Sources */ = {
			isa = PBXSourcesBuildPhase;
			buildActionMask = 2147483647;
			files = (
				5CC9A66A202A5ADA00B1B7F5 /* BoatsTests.swift in Sources */,
			);
			runOnlyForDeploymentPostprocessing = 0;
		};
/* End PBXSourcesBuildPhase section */

/* Begin PBXTargetDependency section */
		5C2B4960202A614C005B4775 /* PBXTargetDependency */ = {
			isa = PBXTargetDependency;
			target = 5C2B495C202A614C005B4775 /* BoatsWatchExtension */;
			targetProxy = 5C2B495F202A614C005B4775 /* PBXContainerItemProxy */;
		};
		5C2B496F202A614D005B4775 /* PBXTargetDependency */ = {
			isa = PBXTargetDependency;
			target = 5C2B4950202A614B005B4775 /* BoatsWatch */;
			targetProxy = 5C2B496E202A614D005B4775 /* PBXContainerItemProxy */;
		};
		5CC9A66D202A5ADA00B1B7F5 /* PBXTargetDependency */ = {
			isa = PBXTargetDependency;
			target = 5C933136202A56AE00FE7B02 /* Boats */;
			targetProxy = 5CC9A66C202A5ADA00B1B7F5 /* PBXContainerItemProxy */;
		};
/* End PBXTargetDependency section */

/* Begin PBXVariantGroup section */
		5C2B4953202A614B005B4775 /* Interface.storyboard */ = {
			isa = PBXVariantGroup;
			children = (
				5C2B4954202A614B005B4775 /* Base */,
			);
			name = Interface.storyboard;
			sourceTree = "<group>";
		};
		5C93313E202A56AE00FE7B02 /* Main.storyboard */ = {
			isa = PBXVariantGroup;
			children = (
				5C93313F202A56AE00FE7B02 /* Base */,
			);
			name = Main.storyboard;
			sourceTree = "<group>";
		};
		5C933143202A56AF00FE7B02 /* Launch.storyboard */ = {
			isa = PBXVariantGroup;
			children = (
				5C933144202A56AF00FE7B02 /* Base */,
			);
			name = Launch.storyboard;
			sourceTree = "<group>";
		};
/* End PBXVariantGroup section */

/* Begin XCBuildConfiguration section */
		5C2B4971202A614D005B4775 /* Debug */ = {
			isa = XCBuildConfiguration;
			buildSettings = {
				ALWAYS_EMBED_SWIFT_STANDARD_LIBRARIES = YES;
				ASSETCATALOG_COMPILER_APPICON_NAME = AppIcon;
				CODE_SIGN_STYLE = Automatic;
				DEVELOPMENT_TEAM = 9Q3DL72K7D;
				IBSC_MODULE = BoatsWatchExtension;
				INFOPLIST_FILE = BoatsWatch/Info.plist;
				PRODUCT_BUNDLE_IDENTIFIER = com.toddheasley.ios.boats.watchkitapp;
				PRODUCT_NAME = "$(TARGET_NAME)";
				SDKROOT = watchos;
				SKIP_INSTALL = YES;
				SWIFT_VERSION = 4.2;
				TARGETED_DEVICE_FAMILY = 4;
				WATCHOS_DEPLOYMENT_TARGET = 5.1;
			};
			name = Debug;
		};
		5C2B4972202A614D005B4775 /* Release */ = {
			isa = XCBuildConfiguration;
			buildSettings = {
				ALWAYS_EMBED_SWIFT_STANDARD_LIBRARIES = YES;
				ASSETCATALOG_COMPILER_APPICON_NAME = AppIcon;
				CODE_SIGN_STYLE = Automatic;
				DEVELOPMENT_TEAM = 9Q3DL72K7D;
				IBSC_MODULE = BoatsWatchExtension;
				INFOPLIST_FILE = BoatsWatch/Info.plist;
				PRODUCT_BUNDLE_IDENTIFIER = com.toddheasley.ios.boats.watchkitapp;
				PRODUCT_NAME = "$(TARGET_NAME)";
				SDKROOT = watchos;
				SKIP_INSTALL = YES;
				SWIFT_VERSION = 4.2;
				TARGETED_DEVICE_FAMILY = 4;
				WATCHOS_DEPLOYMENT_TARGET = 5.1;
			};
			name = Release;
		};
		5C2B4973202A614D005B4775 /* Debug */ = {
			isa = XCBuildConfiguration;
			buildSettings = {
				ASSETCATALOG_COMPILER_COMPLICATION_NAME = Complication;
				CODE_SIGN_STYLE = Automatic;
				DEVELOPMENT_TEAM = 9Q3DL72K7D;
				INFOPLIST_FILE = BoatsWatchExtension/Info.plist;
				LD_RUNPATH_SEARCH_PATHS = (
					"$(inherited)",
					"@executable_path/Frameworks",
					"@executable_path/../../Frameworks",
				);
				PRODUCT_BUNDLE_IDENTIFIER = com.toddheasley.ios.boats.watchkitapp.watchkitextension;
				PRODUCT_NAME = "${TARGET_NAME}";
				SDKROOT = watchos;
				SKIP_INSTALL = YES;
				SWIFT_VERSION = 4.2;
				TARGETED_DEVICE_FAMILY = 4;
				WATCHOS_DEPLOYMENT_TARGET = 5.1;
			};
			name = Debug;
		};
		5C2B4974202A614D005B4775 /* Release */ = {
			isa = XCBuildConfiguration;
			buildSettings = {
				ASSETCATALOG_COMPILER_COMPLICATION_NAME = Complication;
				CODE_SIGN_STYLE = Automatic;
				DEVELOPMENT_TEAM = 9Q3DL72K7D;
				INFOPLIST_FILE = BoatsWatchExtension/Info.plist;
				LD_RUNPATH_SEARCH_PATHS = (
					"$(inherited)",
					"@executable_path/Frameworks",
					"@executable_path/../../Frameworks",
				);
				PRODUCT_BUNDLE_IDENTIFIER = com.toddheasley.ios.boats.watchkitapp.watchkitextension;
				PRODUCT_NAME = "${TARGET_NAME}";
				SDKROOT = watchos;
				SKIP_INSTALL = YES;
				SWIFT_VERSION = 4.2;
				TARGETED_DEVICE_FAMILY = 4;
				WATCHOS_DEPLOYMENT_TARGET = 5.1;
			};
			name = Release;
		};
		5C933147202A56AF00FE7B02 /* Debug */ = {
			isa = XCBuildConfiguration;
			buildSettings = {
				ALWAYS_SEARCH_USER_PATHS = NO;
				CLANG_ANALYZER_NONNULL = YES;
				CLANG_ANALYZER_NUMBER_OBJECT_CONVERSION = YES_AGGRESSIVE;
				CLANG_CXX_LANGUAGE_STANDARD = "gnu++14";
				CLANG_CXX_LIBRARY = "libc++";
				CLANG_ENABLE_MODULES = YES;
				CLANG_ENABLE_OBJC_ARC = YES;
				CLANG_ENABLE_OBJC_WEAK = YES;
				CLANG_WARN_BLOCK_CAPTURE_AUTORELEASING = YES;
				CLANG_WARN_BOOL_CONVERSION = YES;
				CLANG_WARN_COMMA = YES;
				CLANG_WARN_CONSTANT_CONVERSION = YES;
				CLANG_WARN_DEPRECATED_OBJC_IMPLEMENTATIONS = YES;
				CLANG_WARN_DIRECT_OBJC_ISA_USAGE = YES_ERROR;
				CLANG_WARN_DOCUMENTATION_COMMENTS = YES;
				CLANG_WARN_EMPTY_BODY = YES;
				CLANG_WARN_ENUM_CONVERSION = YES;
				CLANG_WARN_INFINITE_RECURSION = YES;
				CLANG_WARN_INT_CONVERSION = YES;
				CLANG_WARN_NON_LITERAL_NULL_CONVERSION = YES;
				CLANG_WARN_OBJC_IMPLICIT_RETAIN_SELF = YES;
				CLANG_WARN_OBJC_LITERAL_CONVERSION = YES;
				CLANG_WARN_OBJC_ROOT_CLASS = YES_ERROR;
				CLANG_WARN_RANGE_LOOP_ANALYSIS = YES;
				CLANG_WARN_STRICT_PROTOTYPES = YES;
				CLANG_WARN_SUSPICIOUS_MOVE = YES;
				CLANG_WARN_UNGUARDED_AVAILABILITY = YES_AGGRESSIVE;
				CLANG_WARN_UNREACHABLE_CODE = YES;
				CLANG_WARN__DUPLICATE_METHOD_MATCH = YES;
				CODE_SIGN_IDENTITY = "iPhone Developer";
				COPY_PHASE_STRIP = NO;
				DEBUG_INFORMATION_FORMAT = dwarf;
				ENABLE_STRICT_OBJC_MSGSEND = YES;
				ENABLE_TESTABILITY = YES;
				GCC_C_LANGUAGE_STANDARD = gnu11;
				GCC_DYNAMIC_NO_PIC = NO;
				GCC_NO_COMMON_BLOCKS = YES;
				GCC_OPTIMIZATION_LEVEL = 0;
				GCC_PREPROCESSOR_DEFINITIONS = (
					"DEBUG=1",
					"$(inherited)",
				);
				GCC_WARN_64_TO_32_BIT_CONVERSION = YES;
				GCC_WARN_ABOUT_RETURN_TYPE = YES_ERROR;
				GCC_WARN_UNDECLARED_SELECTOR = YES;
				GCC_WARN_UNINITIALIZED_AUTOS = YES_AGGRESSIVE;
				GCC_WARN_UNUSED_FUNCTION = YES;
				GCC_WARN_UNUSED_VARIABLE = YES;
				IPHONEOS_DEPLOYMENT_TARGET = 12.1;
				MTL_ENABLE_DEBUG_INFO = YES;
				ONLY_ACTIVE_ARCH = YES;
				SDKROOT = iphoneos;
				SWIFT_ACTIVE_COMPILATION_CONDITIONS = DEBUG;
				SWIFT_OPTIMIZATION_LEVEL = "-Onone";
			};
			name = Debug;
		};
		5C933148202A56AF00FE7B02 /* Release */ = {
			isa = XCBuildConfiguration;
			buildSettings = {
				ALWAYS_SEARCH_USER_PATHS = NO;
				CLANG_ANALYZER_NONNULL = YES;
				CLANG_ANALYZER_NUMBER_OBJECT_CONVERSION = YES_AGGRESSIVE;
				CLANG_CXX_LANGUAGE_STANDARD = "gnu++14";
				CLANG_CXX_LIBRARY = "libc++";
				CLANG_ENABLE_MODULES = YES;
				CLANG_ENABLE_OBJC_ARC = YES;
				CLANG_ENABLE_OBJC_WEAK = YES;
				CLANG_WARN_BLOCK_CAPTURE_AUTORELEASING = YES;
				CLANG_WARN_BOOL_CONVERSION = YES;
				CLANG_WARN_COMMA = YES;
				CLANG_WARN_CONSTANT_CONVERSION = YES;
				CLANG_WARN_DEPRECATED_OBJC_IMPLEMENTATIONS = YES;
				CLANG_WARN_DIRECT_OBJC_ISA_USAGE = YES_ERROR;
				CLANG_WARN_DOCUMENTATION_COMMENTS = YES;
				CLANG_WARN_EMPTY_BODY = YES;
				CLANG_WARN_ENUM_CONVERSION = YES;
				CLANG_WARN_INFINITE_RECURSION = YES;
				CLANG_WARN_INT_CONVERSION = YES;
				CLANG_WARN_NON_LITERAL_NULL_CONVERSION = YES;
				CLANG_WARN_OBJC_IMPLICIT_RETAIN_SELF = YES;
				CLANG_WARN_OBJC_LITERAL_CONVERSION = YES;
				CLANG_WARN_OBJC_ROOT_CLASS = YES_ERROR;
				CLANG_WARN_RANGE_LOOP_ANALYSIS = YES;
				CLANG_WARN_STRICT_PROTOTYPES = YES;
				CLANG_WARN_SUSPICIOUS_MOVE = YES;
				CLANG_WARN_UNGUARDED_AVAILABILITY = YES_AGGRESSIVE;
				CLANG_WARN_UNREACHABLE_CODE = YES;
				CLANG_WARN__DUPLICATE_METHOD_MATCH = YES;
				CODE_SIGN_IDENTITY = "iPhone Developer";
				COPY_PHASE_STRIP = NO;
				DEBUG_INFORMATION_FORMAT = "dwarf-with-dsym";
				ENABLE_NS_ASSERTIONS = NO;
				ENABLE_STRICT_OBJC_MSGSEND = YES;
				GCC_C_LANGUAGE_STANDARD = gnu11;
				GCC_NO_COMMON_BLOCKS = YES;
				GCC_WARN_64_TO_32_BIT_CONVERSION = YES;
				GCC_WARN_ABOUT_RETURN_TYPE = YES_ERROR;
				GCC_WARN_UNDECLARED_SELECTOR = YES;
				GCC_WARN_UNINITIALIZED_AUTOS = YES_AGGRESSIVE;
				GCC_WARN_UNUSED_FUNCTION = YES;
				GCC_WARN_UNUSED_VARIABLE = YES;
				IPHONEOS_DEPLOYMENT_TARGET = 12.1;
				MTL_ENABLE_DEBUG_INFO = NO;
				SDKROOT = iphoneos;
				SWIFT_COMPILATION_MODE = wholemodule;
				SWIFT_OPTIMIZATION_LEVEL = "-Owholemodule";
				VALIDATE_PRODUCT = YES;
			};
			name = Release;
		};
		5C93314A202A56AF00FE7B02 /* Debug */ = {
			isa = XCBuildConfiguration;
			buildSettings = {
				ASSETCATALOG_COMPILER_APPICON_NAME = AppIcon;
				CODE_SIGN_STYLE = Automatic;
				DEVELOPMENT_TEAM = 9Q3DL72K7D;
				INFOPLIST_FILE = Boats/Info.plist;
				IPHONEOS_DEPLOYMENT_TARGET = 12.1;
				LD_RUNPATH_SEARCH_PATHS = (
					"$(inherited)",
					"@executable_path/Frameworks",
				);
				PRODUCT_BUNDLE_IDENTIFIER = com.toddheasley.ios.boats;
				PRODUCT_NAME = "$(TARGET_NAME)";
				SWIFT_VERSION = 4.2;
				TARGETED_DEVICE_FAMILY = "1,2";
			};
			name = Debug;
		};
		5C93314B202A56AF00FE7B02 /* Release */ = {
			isa = XCBuildConfiguration;
			buildSettings = {
				ASSETCATALOG_COMPILER_APPICON_NAME = AppIcon;
				CODE_SIGN_STYLE = Automatic;
				DEVELOPMENT_TEAM = 9Q3DL72K7D;
				INFOPLIST_FILE = Boats/Info.plist;
				IPHONEOS_DEPLOYMENT_TARGET = 12.1;
				LD_RUNPATH_SEARCH_PATHS = (
					"$(inherited)",
					"@executable_path/Frameworks",
				);
				PRODUCT_BUNDLE_IDENTIFIER = com.toddheasley.ios.boats;
				PRODUCT_NAME = "$(TARGET_NAME)";
				SWIFT_VERSION = 4.2;
				TARGETED_DEVICE_FAMILY = "1,2";
			};
			name = Release;
		};
		5CC9A66F202A5ADA00B1B7F5 /* Debug */ = {
			isa = XCBuildConfiguration;
			buildSettings = {
				BUNDLE_LOADER = "$(TEST_HOST)";
				CODE_SIGN_STYLE = Automatic;
				DEVELOPMENT_TEAM = 9Q3DL72K7D;
				INFOPLIST_FILE = BoatsTests/Info.plist;
				LD_RUNPATH_SEARCH_PATHS = (
					"$(inherited)",
					"@executable_path/Frameworks",
					"@loader_path/Frameworks",
				);
				PRODUCT_BUNDLE_IDENTIFIER = com.toddheasley.ios.boats.tests;
				PRODUCT_NAME = "$(TARGET_NAME)";
				SWIFT_VERSION = 4.2;
				TARGETED_DEVICE_FAMILY = "1,2";
				TEST_HOST = "$(BUILT_PRODUCTS_DIR)/Boats.app/Boats";
			};
			name = Debug;
		};
		5CC9A670202A5ADA00B1B7F5 /* Release */ = {
			isa = XCBuildConfiguration;
			buildSettings = {
				BUNDLE_LOADER = "$(TEST_HOST)";
				CODE_SIGN_STYLE = Automatic;
				DEVELOPMENT_TEAM = 9Q3DL72K7D;
				INFOPLIST_FILE = BoatsTests/Info.plist;
				LD_RUNPATH_SEARCH_PATHS = (
					"$(inherited)",
					"@executable_path/Frameworks",
					"@loader_path/Frameworks",
				);
				PRODUCT_BUNDLE_IDENTIFIER = com.toddheasley.ios.boats.tests;
				PRODUCT_NAME = "$(TARGET_NAME)";
				SWIFT_VERSION = 4.2;
				TARGETED_DEVICE_FAMILY = "1,2";
				TEST_HOST = "$(BUILT_PRODUCTS_DIR)/Boats.app/Boats";
			};
			name = Release;
		};
/* End XCBuildConfiguration section */

/* Begin XCConfigurationList section */
		5C2B4975202A614D005B4775 /* Build configuration list for PBXNativeTarget "BoatsWatchExtension" */ = {
			isa = XCConfigurationList;
			buildConfigurations = (
				5C2B4973202A614D005B4775 /* Debug */,
				5C2B4974202A614D005B4775 /* Release */,
			);
			defaultConfigurationIsVisible = 0;
			defaultConfigurationName = Release;
		};
		5C2B4977202A614D005B4775 /* Build configuration list for PBXNativeTarget "BoatsWatch" */ = {
			isa = XCConfigurationList;
			buildConfigurations = (
				5C2B4971202A614D005B4775 /* Debug */,
				5C2B4972202A614D005B4775 /* Release */,
			);
			defaultConfigurationIsVisible = 0;
			defaultConfigurationName = Release;
		};
		5C933132202A56AE00FE7B02 /* Build configuration list for PBXProject "Boats" */ = {
			isa = XCConfigurationList;
			buildConfigurations = (
				5C933147202A56AF00FE7B02 /* Debug */,
				5C933148202A56AF00FE7B02 /* Release */,
			);
			defaultConfigurationIsVisible = 0;
			defaultConfigurationName = Release;
		};
		5C933149202A56AF00FE7B02 /* Build configuration list for PBXNativeTarget "Boats" */ = {
			isa = XCConfigurationList;
			buildConfigurations = (
				5C93314A202A56AF00FE7B02 /* Debug */,
				5C93314B202A56AF00FE7B02 /* Release */,
			);
			defaultConfigurationIsVisible = 0;
			defaultConfigurationName = Release;
		};
		5CC9A66E202A5ADA00B1B7F5 /* Build configuration list for PBXNativeTarget "BoatsTests" */ = {
			isa = XCConfigurationList;
			buildConfigurations = (
				5CC9A66F202A5ADA00B1B7F5 /* Debug */,
				5CC9A670202A5ADA00B1B7F5 /* Release */,
			);
			defaultConfigurationIsVisible = 0;
			defaultConfigurationName = Release;
		};
/* End XCConfigurationList section */
	};
	rootObject = 5C93312F202A56AE00FE7B02 /* Project object */;
}
