// !$*UTF8*$!
{
	archiveVersion = 1;
	classes = {
	};
	objectVersion = 52;
	objects = {

/* Begin PBXBuildFile section */
		5C02AD9D23B43A7C00824250 /* TimetableView.swift in Sources */ = {isa = PBXBuildFile; fileRef = 5C02AD9C23B43A7C00824250 /* TimetableView.swift */; };
		5C26333623F8358B00F9A16D /* CLKComplication.swift in Sources */ = {isa = PBXBuildFile; fileRef = 5C26333523F8358B00F9A16D /* CLKComplication.swift */; };
		5C26333B23F8808A00F9A16D /* UIImage.swift in Sources */ = {isa = PBXBuildFile; fileRef = 5C26333A23F8808A00F9A16D /* UIImage.swift */; };
		5C357C4C23EA2B4600914B7A /* Interface.storyboard in Resources */ = {isa = PBXBuildFile; fileRef = 5C357C4A23EA2B4600914B7A /* Interface.storyboard */; };
		5C357C4E23EA2B4700914B7A /* Assets.xcassets in Resources */ = {isa = PBXBuildFile; fileRef = 5C357C4D23EA2B4700914B7A /* Assets.xcassets */; };
		5C357C5523EA2B4700914B7A /* BoatsWatchExtension.appex in Embed App Extensions */ = {isa = PBXBuildFile; fileRef = 5C357C5423EA2B4700914B7A /* BoatsWatchExtension.appex */; settings = {ATTRIBUTES = (RemoveHeadersOnCopy, ); }; };
		5C357C5A23EA2B4700914B7A /* InterfaceController.swift in Sources */ = {isa = PBXBuildFile; fileRef = 5C357C5923EA2B4700914B7A /* InterfaceController.swift */; };
		5C357C5C23EA2B4700914B7A /* ExtensionDelegate.swift in Sources */ = {isa = PBXBuildFile; fileRef = 5C357C5B23EA2B4700914B7A /* ExtensionDelegate.swift */; };
		5C357C5E23EA2B4700914B7A /* ComplicationController.swift in Sources */ = {isa = PBXBuildFile; fileRef = 5C357C5D23EA2B4700914B7A /* ComplicationController.swift */; };
		5C357C6023EA2B4800914B7A /* Assets.xcassets in Resources */ = {isa = PBXBuildFile; fileRef = 5C357C5F23EA2B4800914B7A /* Assets.xcassets */; };
		5C357C6423EA2B4800914B7A /* BoatsWatch.app in Embed Watch Content */ = {isa = PBXBuildFile; fileRef = 5C357C4823EA2B4600914B7A /* BoatsWatch.app */; platformFilter = ios; settings = {ATTRIBUTES = (RemoveHeadersOnCopy, ); }; };
		5C3B7EA223B5078600C0A36D /* MainView.swift in Sources */ = {isa = PBXBuildFile; fileRef = 5C3B7EA123B5078600C0A36D /* MainView.swift */; };
		5C4B101122B7F70A009DC20C /* main.swift in Sources */ = {isa = PBXBuildFile; fileRef = 5C4B101022B7F70A009DC20C /* main.swift */; };
		5C4B101622B7F769009DC20C /* BoatsKit in Frameworks */ = {isa = PBXBuildFile; productRef = 5C4B101522B7F769009DC20C /* BoatsKit */; };
		5C4B101822B7F769009DC20C /* BoatsWeb in Frameworks */ = {isa = PBXBuildFile; productRef = 5C4B101722B7F769009DC20C /* BoatsWeb */; };
		5C50E4B123D6407800C0D9CE /* WCSession.swift in Sources */ = {isa = PBXBuildFile; fileRef = 5C50E4B023D6407800C0D9CE /* WCSession.swift */; };
		5C6219FA2402D17300F4EC13 /* EmptyView.swift in Sources */ = {isa = PBXBuildFile; fileRef = 5C6219F92402D17300F4EC13 /* EmptyView.swift */; };
		5C7CA83D23AFC90A0099F14E /* MainViewController.swift in Sources */ = {isa = PBXBuildFile; fileRef = 5C7CA83C23AFC90A0099F14E /* MainViewController.swift */; };
		5C7CA84123AFD27B0099F14E /* IndexViewController.swift in Sources */ = {isa = PBXBuildFile; fileRef = 5C7CA84023AFD27B0099F14E /* IndexViewController.swift */; };
		5C7CA84323B01F810099F14E /* UIImage.swift in Sources */ = {isa = PBXBuildFile; fileRef = 5C7CA84223B01F810099F14E /* UIImage.swift */; };
		5C7CA84623B05F710099F14E /* ListControl.swift in Sources */ = {isa = PBXBuildFile; fileRef = 5C7CA84523B05F710099F14E /* ListControl.swift */; };
		5C7CA84823B0647F0099F14E /* UIColor.swift in Sources */ = {isa = PBXBuildFile; fileRef = 5C7CA84723B0647F0099F14E /* UIColor.swift */; };
		5C9EE22323B301110029AA64 /* LinkControl.swift in Sources */ = {isa = PBXBuildFile; fileRef = 5C9EE22223B301110029AA64 /* LinkControl.swift */; };
		5C9EE22523B307B70029AA64 /* SeasonLabel.swift in Sources */ = {isa = PBXBuildFile; fileRef = 5C9EE22423B307B70029AA64 /* SeasonLabel.swift */; };
		5C9EE22723B409410029AA64 /* RefreshControl.swift in Sources */ = {isa = PBXBuildFile; fileRef = 5C9EE22623B409410029AA64 /* RefreshControl.swift */; };
		5CA78CD723CCC1B3007981B2 /* TitleLabel.swift in Sources */ = {isa = PBXBuildFile; fileRef = 5CA78CD623CCC1B3007981B2 /* TitleLabel.swift */; };
		5CAB8EB723BE4D1800B97694 /* NavigationBar.swift in Sources */ = {isa = PBXBuildFile; fileRef = 5CAB8EB623BE4D1800B97694 /* NavigationBar.swift */; };
		5CB7FC9C23B2774C0004C197 /* RouteView.swift in Sources */ = {isa = PBXBuildFile; fileRef = 5CB7FC9B23B2774C0004C197 /* RouteView.swift */; };
		5CB7FC9E23B277A40004C197 /* IndexView.swift in Sources */ = {isa = PBXBuildFile; fileRef = 5CB7FC9D23B277A40004C197 /* IndexView.swift */; };
		5CB7FCA223B28FF70004C197 /* UIView.swift in Sources */ = {isa = PBXBuildFile; fileRef = 5CB7FCA123B28FF70004C197 /* UIView.swift */; };
		5CBEE20A242DADB400A77BE0 /* BoatsKit in Frameworks */ = {isa = PBXBuildFile; productRef = 5CBEE209242DADB400A77BE0 /* BoatsKit */; };
		5CBEE20C242DADC900A77BE0 /* BoatsBot in Frameworks */ = {isa = PBXBuildFile; productRef = 5CBEE20B242DADC900A77BE0 /* BoatsBot */; };
		5CC34F5C23CBC44B000C4702 /* DismissControl.swift in Sources */ = {isa = PBXBuildFile; fileRef = 5CC34F5B23CBC44B000C4702 /* DismissControl.swift */; };
		5CC34F5E23CC116F000C4702 /* NavigationControl.swift in Sources */ = {isa = PBXBuildFile; fileRef = 5CC34F5D23CC116F000C4702 /* NavigationControl.swift */; };
		5CC7858B240C5183008BFACE /* ArgumentParser in Frameworks */ = {isa = PBXBuildFile; productRef = 5CC7858A240C5183008BFACE /* ArgumentParser */; };
		5CC7858D240C5260008BFACE /* BoatsCLI.swift in Sources */ = {isa = PBXBuildFile; fileRef = 5CC7858C240C5260008BFACE /* BoatsCLI.swift */; };
		5CD52AA523B15F7900A55963 /* TimeView.swift in Sources */ = {isa = PBXBuildFile; fileRef = 5CD52AA423B15F7900A55963 /* TimeView.swift */; };
		5CD52AA723B197D200A55963 /* DeviationView.swift in Sources */ = {isa = PBXBuildFile; fileRef = 5CD52AA623B197D200A55963 /* DeviationView.swift */; };
		5CD52AA923B1A21E00A55963 /* DepartureView.swift in Sources */ = {isa = PBXBuildFile; fileRef = 5CD52AA823B1A21E00A55963 /* DepartureView.swift */; };
		5CD52AAB23B1A28100A55963 /* CarView.swift in Sources */ = {isa = PBXBuildFile; fileRef = 5CD52AAA23B1A28100A55963 /* CarView.swift */; };
		5CDED58123B6B98A000D9658 /* ListView.swift in Sources */ = {isa = PBXBuildFile; fileRef = 5CDED58023B6B98A000D9658 /* ListView.swift */; };
		5CE137F723EA32B3006645FF /* BoatsBot in Frameworks */ = {isa = PBXBuildFile; productRef = 5CE137F623EA32B3006645FF /* BoatsBot */; };
		5CE137F923EA32B9006645FF /* BoatsKit in Frameworks */ = {isa = PBXBuildFile; productRef = 5CE137F823EA32B9006645FF /* BoatsKit */; };
		5CE137FB23EA32EE006645FF /* TimetableController.swift in Sources */ = {isa = PBXBuildFile; fileRef = 5CE137FA23EA32EE006645FF /* TimetableController.swift */; };
		5CE137FC23EA3304006645FF /* WCSession.swift in Sources */ = {isa = PBXBuildFile; fileRef = 5C50E4B023D6407800C0D9CE /* WCSession.swift */; };
		5CE1380423EA3466006645FF /* UIColor.swift in Sources */ = {isa = PBXBuildFile; fileRef = 5CE1380323EA3466006645FF /* UIColor.swift */; };
		5CED07B122B7F47200CAE664 /* AppDelegate.swift in Sources */ = {isa = PBXBuildFile; fileRef = 5CED07B022B7F47200CAE664 /* AppDelegate.swift */; };
		5CED07B322B7F47200CAE664 /* SceneDelegate.swift in Sources */ = {isa = PBXBuildFile; fileRef = 5CED07B222B7F47200CAE664 /* SceneDelegate.swift */; };
		5CED07B822B7F47200CAE664 /* Main.storyboard in Resources */ = {isa = PBXBuildFile; fileRef = 5CED07B622B7F47200CAE664 /* Main.storyboard */; };
		5CED07BA22B7F47300CAE664 /* Assets.xcassets in Resources */ = {isa = PBXBuildFile; fileRef = 5CED07B922B7F47300CAE664 /* Assets.xcassets */; };
		5CED07BD22B7F47300CAE664 /* Launch.storyboard in Resources */ = {isa = PBXBuildFile; fileRef = 5CED07BB22B7F47300CAE664 /* Launch.storyboard */; };
		5CED51EB22BB272A006D6BAD /* Bundle.swift in Sources */ = {isa = PBXBuildFile; fileRef = 5CED51EA22BB272A006D6BAD /* Bundle.swift */; };
/* End PBXBuildFile section */

/* Begin PBXContainerItemProxy section */
		5C357C5623EA2B4700914B7A /* PBXContainerItemProxy */ = {
			isa = PBXContainerItemProxy;
			containerPortal = 5CED07A522B7F47200CAE664 /* Project object */;
			proxyType = 1;
			remoteGlobalIDString = 5C357C5323EA2B4700914B7A;
			remoteInfo = BoatsWatchExtension;
		};
		5C357C6223EA2B4800914B7A /* PBXContainerItemProxy */ = {
			isa = PBXContainerItemProxy;
			containerPortal = 5CED07A522B7F47200CAE664 /* Project object */;
			proxyType = 1;
			remoteGlobalIDString = 5C357C4723EA2B4600914B7A;
			remoteInfo = BoatsWatch;
		};
/* End PBXContainerItemProxy section */

/* Begin PBXCopyFilesBuildPhase section */
		5C357C6523EA2B4800914B7A /* Embed Watch Content */ = {
			isa = PBXCopyFilesBuildPhase;
			buildActionMask = 2147483647;
			dstPath = "$(CONTENTS_FOLDER_PATH)/Watch";
			dstSubfolderSpec = 16;
			files = (
				5C357C6423EA2B4800914B7A /* BoatsWatch.app in Embed Watch Content */,
			);
			name = "Embed Watch Content";
			runOnlyForDeploymentPostprocessing = 0;
		};
		5C357C6823EA2B4800914B7A /* Embed App Extensions */ = {
			isa = PBXCopyFilesBuildPhase;
			buildActionMask = 2147483647;
			dstPath = "";
			dstSubfolderSpec = 13;
			files = (
				5C357C5523EA2B4700914B7A /* BoatsWatchExtension.appex in Embed App Extensions */,
			);
			name = "Embed App Extensions";
			runOnlyForDeploymentPostprocessing = 0;
		};
		5C4B100C22B7F70A009DC20C /* CopyFiles */ = {
			isa = PBXCopyFilesBuildPhase;
			buildActionMask = 2147483647;
			dstPath = /usr/share/man/man1/;
			dstSubfolderSpec = 0;
			files = (
			);
			runOnlyForDeploymentPostprocessing = 1;
		};
		5CCA460022D235D60019DE59 /* Embed App Extensions */ = {
			isa = PBXCopyFilesBuildPhase;
			buildActionMask = 2147483647;
			dstPath = "";
			dstSubfolderSpec = 13;
			files = (
			);
			name = "Embed App Extensions";
			runOnlyForDeploymentPostprocessing = 0;
		};
/* End PBXCopyFilesBuildPhase section */

/* Begin PBXFileReference section */
		5C02AD9C23B43A7C00824250 /* TimetableView.swift */ = {isa = PBXFileReference; lastKnownFileType = sourcecode.swift; path = TimetableView.swift; sourceTree = "<group>"; };
		5C26333523F8358B00F9A16D /* CLKComplication.swift */ = {isa = PBXFileReference; lastKnownFileType = sourcecode.swift; path = CLKComplication.swift; sourceTree = "<group>"; };
		5C26333A23F8808A00F9A16D /* UIImage.swift */ = {isa = PBXFileReference; lastKnownFileType = sourcecode.swift; path = UIImage.swift; sourceTree = "<group>"; };
		5C28B17F22BC6C310075B41A /* Boats.entitlements */ = {isa = PBXFileReference; lastKnownFileType = text.plist.entitlements; path = Boats.entitlements; sourceTree = "<group>"; };
		5C357C4823EA2B4600914B7A /* BoatsWatch.app */ = {isa = PBXFileReference; explicitFileType = wrapper.application; includeInIndex = 0; path = BoatsWatch.app; sourceTree = BUILT_PRODUCTS_DIR; };
		5C357C4B23EA2B4600914B7A /* Base */ = {isa = PBXFileReference; lastKnownFileType = file.storyboard; name = Base; path = Base.lproj/Interface.storyboard; sourceTree = "<group>"; };
		5C357C4D23EA2B4700914B7A /* Assets.xcassets */ = {isa = PBXFileReference; lastKnownFileType = folder.assetcatalog; path = Assets.xcassets; sourceTree = "<group>"; };
		5C357C4F23EA2B4700914B7A /* Info.plist */ = {isa = PBXFileReference; lastKnownFileType = text.plist.xml; path = Info.plist; sourceTree = "<group>"; };
		5C357C5423EA2B4700914B7A /* BoatsWatchExtension.appex */ = {isa = PBXFileReference; explicitFileType = "wrapper.app-extension"; includeInIndex = 0; path = BoatsWatchExtension.appex; sourceTree = BUILT_PRODUCTS_DIR; };
		5C357C5923EA2B4700914B7A /* InterfaceController.swift */ = {isa = PBXFileReference; lastKnownFileType = sourcecode.swift; path = InterfaceController.swift; sourceTree = "<group>"; };
		5C357C5B23EA2B4700914B7A /* ExtensionDelegate.swift */ = {isa = PBXFileReference; lastKnownFileType = sourcecode.swift; path = ExtensionDelegate.swift; sourceTree = "<group>"; };
		5C357C5D23EA2B4700914B7A /* ComplicationController.swift */ = {isa = PBXFileReference; lastKnownFileType = sourcecode.swift; path = ComplicationController.swift; sourceTree = "<group>"; };
		5C357C5F23EA2B4800914B7A /* Assets.xcassets */ = {isa = PBXFileReference; lastKnownFileType = folder.assetcatalog; path = Assets.xcassets; sourceTree = "<group>"; };
		5C357C6123EA2B4800914B7A /* Info.plist */ = {isa = PBXFileReference; lastKnownFileType = text.plist.xml; path = Info.plist; sourceTree = "<group>"; };
		5C3B7EA123B5078600C0A36D /* MainView.swift */ = {isa = PBXFileReference; lastKnownFileType = sourcecode.swift; path = MainView.swift; sourceTree = "<group>"; };
		5C4B100E22B7F70A009DC20C /* boats-cli */ = {isa = PBXFileReference; explicitFileType = "compiled.mach-o.executable"; includeInIndex = 0; path = "boats-cli"; sourceTree = BUILT_PRODUCTS_DIR; };
		5C4B101022B7F70A009DC20C /* main.swift */ = {isa = PBXFileReference; lastKnownFileType = sourcecode.swift; path = main.swift; sourceTree = "<group>"; };
		5C50E4B023D6407800C0D9CE /* WCSession.swift */ = {isa = PBXFileReference; lastKnownFileType = sourcecode.swift; path = WCSession.swift; sourceTree = "<group>"; };
		5C6219F92402D17300F4EC13 /* EmptyView.swift */ = {isa = PBXFileReference; lastKnownFileType = sourcecode.swift; path = EmptyView.swift; sourceTree = "<group>"; };
		5C6FDF8223F971A700687F99 /* Boats.sketch */ = {isa = PBXFileReference; lastKnownFileType = file; path = Boats.sketch; sourceTree = "<group>"; };
		5C7CA83C23AFC90A0099F14E /* MainViewController.swift */ = {isa = PBXFileReference; lastKnownFileType = sourcecode.swift; path = MainViewController.swift; sourceTree = "<group>"; };
		5C7CA84023AFD27B0099F14E /* IndexViewController.swift */ = {isa = PBXFileReference; lastKnownFileType = sourcecode.swift; path = IndexViewController.swift; sourceTree = "<group>"; };
		5C7CA84223B01F810099F14E /* UIImage.swift */ = {isa = PBXFileReference; lastKnownFileType = sourcecode.swift; path = UIImage.swift; sourceTree = "<group>"; };
		5C7CA84523B05F710099F14E /* ListControl.swift */ = {isa = PBXFileReference; lastKnownFileType = sourcecode.swift; path = ListControl.swift; sourceTree = "<group>"; };
		5C7CA84723B0647F0099F14E /* UIColor.swift */ = {isa = PBXFileReference; lastKnownFileType = sourcecode.swift; path = UIColor.swift; sourceTree = "<group>"; };
		5C9EE22223B301110029AA64 /* LinkControl.swift */ = {isa = PBXFileReference; lastKnownFileType = sourcecode.swift; path = LinkControl.swift; sourceTree = "<group>"; };
		5C9EE22423B307B70029AA64 /* SeasonLabel.swift */ = {isa = PBXFileReference; lastKnownFileType = sourcecode.swift; path = SeasonLabel.swift; sourceTree = "<group>"; };
		5C9EE22623B409410029AA64 /* RefreshControl.swift */ = {isa = PBXFileReference; lastKnownFileType = sourcecode.swift; path = RefreshControl.swift; sourceTree = "<group>"; };
		5CA78CD623CCC1B3007981B2 /* TitleLabel.swift */ = {isa = PBXFileReference; lastKnownFileType = sourcecode.swift; path = TitleLabel.swift; sourceTree = "<group>"; };
		5CAB8EB623BE4D1800B97694 /* NavigationBar.swift */ = {isa = PBXFileReference; lastKnownFileType = sourcecode.swift; path = NavigationBar.swift; sourceTree = "<group>"; };
		5CB7FC9B23B2774C0004C197 /* RouteView.swift */ = {isa = PBXFileReference; lastKnownFileType = sourcecode.swift; path = RouteView.swift; sourceTree = "<group>"; };
		5CB7FC9D23B277A40004C197 /* IndexView.swift */ = {isa = PBXFileReference; lastKnownFileType = sourcecode.swift; path = IndexView.swift; sourceTree = "<group>"; };
		5CB7FCA123B28FF70004C197 /* UIView.swift */ = {isa = PBXFileReference; lastKnownFileType = sourcecode.swift; path = UIView.swift; sourceTree = "<group>"; };
		5CC34F5B23CBC44B000C4702 /* DismissControl.swift */ = {isa = PBXFileReference; lastKnownFileType = sourcecode.swift; path = DismissControl.swift; sourceTree = "<group>"; };
		5CC34F5D23CC116F000C4702 /* NavigationControl.swift */ = {isa = PBXFileReference; lastKnownFileType = sourcecode.swift; path = NavigationControl.swift; sourceTree = "<group>"; };
		5CC7858C240C5260008BFACE /* BoatsCLI.swift */ = {isa = PBXFileReference; lastKnownFileType = sourcecode.swift; path = BoatsCLI.swift; sourceTree = "<group>"; };
		5CCA45F122D235D50019DE59 /* NotificationCenter.framework */ = {isa = PBXFileReference; lastKnownFileType = wrapper.framework; name = NotificationCenter.framework; path = System/Library/Frameworks/NotificationCenter.framework; sourceTree = SDKROOT; };
		5CD52AA423B15F7900A55963 /* TimeView.swift */ = {isa = PBXFileReference; lastKnownFileType = sourcecode.swift; path = TimeView.swift; sourceTree = "<group>"; };
		5CD52AA623B197D200A55963 /* DeviationView.swift */ = {isa = PBXFileReference; lastKnownFileType = sourcecode.swift; path = DeviationView.swift; sourceTree = "<group>"; };
		5CD52AA823B1A21E00A55963 /* DepartureView.swift */ = {isa = PBXFileReference; lastKnownFileType = sourcecode.swift; path = DepartureView.swift; sourceTree = "<group>"; };
		5CD52AAA23B1A28100A55963 /* CarView.swift */ = {isa = PBXFileReference; lastKnownFileType = sourcecode.swift; path = CarView.swift; sourceTree = "<group>"; };
		5CDED58023B6B98A000D9658 /* ListView.swift */ = {isa = PBXFileReference; lastKnownFileType = sourcecode.swift; path = ListView.swift; sourceTree = "<group>"; };
		5CE137FA23EA32EE006645FF /* TimetableController.swift */ = {isa = PBXFileReference; fileEncoding = 4; lastKnownFileType = sourcecode.swift; path = TimetableController.swift; sourceTree = "<group>"; };
		5CE1380323EA3466006645FF /* UIColor.swift */ = {isa = PBXFileReference; fileEncoding = 4; lastKnownFileType = sourcecode.swift; path = UIColor.swift; sourceTree = "<group>"; };
		5CE1380623EA5771006645FF /* BoatsWatchExtension.entitlements */ = {isa = PBXFileReference; lastKnownFileType = text.plist.entitlements; path = BoatsWatchExtension.entitlements; sourceTree = "<group>"; };
		5CED07AD22B7F47200CAE664 /* Boats.app */ = {isa = PBXFileReference; explicitFileType = wrapper.application; includeInIndex = 0; path = Boats.app; sourceTree = BUILT_PRODUCTS_DIR; };
		5CED07B022B7F47200CAE664 /* AppDelegate.swift */ = {isa = PBXFileReference; lastKnownFileType = sourcecode.swift; path = AppDelegate.swift; sourceTree = "<group>"; };
		5CED07B222B7F47200CAE664 /* SceneDelegate.swift */ = {isa = PBXFileReference; lastKnownFileType = sourcecode.swift; path = SceneDelegate.swift; sourceTree = "<group>"; };
		5CED07B722B7F47200CAE664 /* Base */ = {isa = PBXFileReference; lastKnownFileType = file.storyboard; name = Base; path = Base.lproj/Main.storyboard; sourceTree = "<group>"; };
		5CED07B922B7F47300CAE664 /* Assets.xcassets */ = {isa = PBXFileReference; lastKnownFileType = folder.assetcatalog; path = Assets.xcassets; sourceTree = "<group>"; };
		5CED07BC22B7F47300CAE664 /* Base */ = {isa = PBXFileReference; lastKnownFileType = file.storyboard; name = Base; path = Base.lproj/Launch.storyboard; sourceTree = "<group>"; };
		5CED07BE22B7F47300CAE664 /* Info.plist */ = {isa = PBXFileReference; lastKnownFileType = text.plist.xml; path = Info.plist; sourceTree = "<group>"; };
		5CED51EA22BB272A006D6BAD /* Bundle.swift */ = {isa = PBXFileReference; lastKnownFileType = sourcecode.swift; path = Bundle.swift; sourceTree = "<group>"; };
/* End PBXFileReference section */

/* Begin PBXFrameworksBuildPhase section */
		5C357C5123EA2B4700914B7A /* Frameworks */ = {
			isa = PBXFrameworksBuildPhase;
			buildActionMask = 2147483647;
			files = (
				5CE137F723EA32B3006645FF /* BoatsBot in Frameworks */,
				5CE137F923EA32B9006645FF /* BoatsKit in Frameworks */,
			);
			runOnlyForDeploymentPostprocessing = 0;
		};
		5C4B100B22B7F70A009DC20C /* Frameworks */ = {
			isa = PBXFrameworksBuildPhase;
			buildActionMask = 2147483647;
			files = (
				5CC7858B240C5183008BFACE /* ArgumentParser in Frameworks */,
				5C4B101622B7F769009DC20C /* BoatsKit in Frameworks */,
				5C4B101822B7F769009DC20C /* BoatsWeb in Frameworks */,
			);
			runOnlyForDeploymentPostprocessing = 0;
		};
		5CED07AA22B7F47200CAE664 /* Frameworks */ = {
			isa = PBXFrameworksBuildPhase;
			buildActionMask = 2147483647;
			files = (
				5CBEE20C242DADC900A77BE0 /* BoatsBot in Frameworks */,
				5CBEE20A242DADB400A77BE0 /* BoatsKit in Frameworks */,
			);
			runOnlyForDeploymentPostprocessing = 0;
		};
/* End PBXFrameworksBuildPhase section */

/* Begin PBXGroup section */
		5C357C4923EA2B4600914B7A /* BoatsWatch */ = {
			isa = PBXGroup;
			children = (
				5C357C4D23EA2B4700914B7A /* Assets.xcassets */,
				5C357C4A23EA2B4600914B7A /* Interface.storyboard */,
				5C357C4F23EA2B4700914B7A /* Info.plist */,
			);
			path = BoatsWatch;
			sourceTree = "<group>";
		};
		5C357C5823EA2B4700914B7A /* BoatsWatchExtension */ = {
			isa = PBXGroup;
			children = (
				5CE1380623EA5771006645FF /* BoatsWatchExtension.entitlements */,
				5C357C5F23EA2B4800914B7A /* Assets.xcassets */,
				5C26333523F8358B00F9A16D /* CLKComplication.swift */,
				5C357C5D23EA2B4700914B7A /* ComplicationController.swift */,
				5C357C5B23EA2B4700914B7A /* ExtensionDelegate.swift */,
				5C357C5923EA2B4700914B7A /* InterfaceController.swift */,
				5CE137FA23EA32EE006645FF /* TimetableController.swift */,
				5CE1380323EA3466006645FF /* UIColor.swift */,
				5C26333A23F8808A00F9A16D /* UIImage.swift */,
				5C357C6123EA2B4800914B7A /* Info.plist */,
			);
			path = BoatsWatchExtension;
			sourceTree = "<group>";
		};
		5C4B100522B7F6BF009DC20C /* Frameworks */ = {
			isa = PBXGroup;
			children = (
				5CCA45F122D235D50019DE59 /* NotificationCenter.framework */,
			);
			name = Frameworks;
			sourceTree = "<group>";
		};
		5C4B100F22B7F70A009DC20C /* BoatsCLI */ = {
			isa = PBXGroup;
			children = (
				5CED51EA22BB272A006D6BAD /* Bundle.swift */,
				5CC7858C240C5260008BFACE /* BoatsCLI.swift */,
				5C4B101022B7F70A009DC20C /* main.swift */,
			);
			path = BoatsCLI;
			sourceTree = "<group>";
		};
		5CED07A422B7F47200CAE664 = {
			isa = PBXGroup;
			children = (
				5C6FDF8223F971A700687F99 /* Boats.sketch */,
				5CED07AF22B7F47200CAE664 /* Boats */,
				5C357C4923EA2B4600914B7A /* BoatsWatch */,
				5C357C5823EA2B4700914B7A /* BoatsWatchExtension */,
				5C4B100F22B7F70A009DC20C /* BoatsCLI */,
				5CED07AE22B7F47200CAE664 /* Products */,
				5C4B100522B7F6BF009DC20C /* Frameworks */,
			);
			sourceTree = "<group>";
		};
		5CED07AE22B7F47200CAE664 /* Products */ = {
			isa = PBXGroup;
			children = (
				5CED07AD22B7F47200CAE664 /* Boats.app */,
				5C4B100E22B7F70A009DC20C /* boats-cli */,
				5C357C4823EA2B4600914B7A /* BoatsWatch.app */,
				5C357C5423EA2B4700914B7A /* BoatsWatchExtension.appex */,
			);
			name = Products;
			sourceTree = "<group>";
		};
		5CED07AF22B7F47200CAE664 /* Boats */ = {
			isa = PBXGroup;
			children = (
				5C28B17F22BC6C310075B41A /* Boats.entitlements */,
				5CED07B922B7F47300CAE664 /* Assets.xcassets */,
				5CED07B022B7F47200CAE664 /* AppDelegate.swift */,
				5CD52AAA23B1A28100A55963 /* CarView.swift */,
				5CD52AA623B197D200A55963 /* DeviationView.swift */,
				5CD52AA823B1A21E00A55963 /* DepartureView.swift */,
				5CC34F5B23CBC44B000C4702 /* DismissControl.swift */,
				5C6219F92402D17300F4EC13 /* EmptyView.swift */,
				5C7CA84023AFD27B0099F14E /* IndexViewController.swift */,
				5CB7FC9D23B277A40004C197 /* IndexView.swift */,
				5CED07BB22B7F47300CAE664 /* Launch.storyboard */,
				5C9EE22223B301110029AA64 /* LinkControl.swift */,
				5C7CA84523B05F710099F14E /* ListControl.swift */,
				5CDED58023B6B98A000D9658 /* ListView.swift */,
				5CED07B622B7F47200CAE664 /* Main.storyboard */,
				5C7CA83C23AFC90A0099F14E /* MainViewController.swift */,
				5C3B7EA123B5078600C0A36D /* MainView.swift */,
				5CAB8EB623BE4D1800B97694 /* NavigationBar.swift */,
				5CC34F5D23CC116F000C4702 /* NavigationControl.swift */,
				5C9EE22623B409410029AA64 /* RefreshControl.swift */,
				5CB7FC9B23B2774C0004C197 /* RouteView.swift */,
				5C9EE22423B307B70029AA64 /* SeasonLabel.swift */,
				5CED07B222B7F47200CAE664 /* SceneDelegate.swift */,
				5C02AD9C23B43A7C00824250 /* TimetableView.swift */,
				5CD52AA423B15F7900A55963 /* TimeView.swift */,
				5CA78CD623CCC1B3007981B2 /* TitleLabel.swift */,
				5C7CA84723B0647F0099F14E /* UIColor.swift */,
				5C7CA84223B01F810099F14E /* UIImage.swift */,
				5CB7FCA123B28FF70004C197 /* UIView.swift */,
				5C50E4B023D6407800C0D9CE /* WCSession.swift */,
				5CED07BE22B7F47300CAE664 /* Info.plist */,
			);
			path = Boats;
			sourceTree = "<group>";
		};
/* End PBXGroup section */

/* Begin PBXNativeTarget section */
		5C357C4723EA2B4600914B7A /* BoatsWatch */ = {
			isa = PBXNativeTarget;
			buildConfigurationList = 5C357C6C23EA2B4800914B7A /* Build configuration list for PBXNativeTarget "BoatsWatch" */;
			buildPhases = (
				5C357C4623EA2B4600914B7A /* Resources */,
				5C357C6823EA2B4800914B7A /* Embed App Extensions */,
				5CE137F423EA2FA4006645FF /* Set Build Number */,
			);
			buildRules = (
			);
			dependencies = (
				5C357C5723EA2B4700914B7A /* PBXTargetDependency */,
			);
			name = BoatsWatch;
			productName = BoatsWatch;
			productReference = 5C357C4823EA2B4600914B7A /* BoatsWatch.app */;
			productType = "com.apple.product-type.application.watchapp2";
		};
		5C357C5323EA2B4700914B7A /* BoatsWatchExtension */ = {
			isa = PBXNativeTarget;
			buildConfigurationList = 5C357C6B23EA2B4800914B7A /* Build configuration list for PBXNativeTarget "BoatsWatchExtension" */;
			buildPhases = (
				5C357C5023EA2B4700914B7A /* Sources */,
				5C357C5123EA2B4700914B7A /* Frameworks */,
				5C357C5223EA2B4700914B7A /* Resources */,
				5CE137F523EA2FE4006645FF /* Set Build Number */,
			);
			buildRules = (
			);
			dependencies = (
			);
			name = BoatsWatchExtension;
			packageProductDependencies = (
				5CE137F623EA32B3006645FF /* BoatsBot */,
				5CE137F823EA32B9006645FF /* BoatsKit */,
			);
			productName = BoatsWatchExtension;
			productReference = 5C357C5423EA2B4700914B7A /* BoatsWatchExtension.appex */;
			productType = "com.apple.product-type.watchkit2-extension";
		};
		5C4B100D22B7F70A009DC20C /* BoatsCLI */ = {
			isa = PBXNativeTarget;
			buildConfigurationList = 5C4B101222B7F70A009DC20C /* Build configuration list for PBXNativeTarget "BoatsCLI" */;
			buildPhases = (
				5C4B100A22B7F70A009DC20C /* Sources */,
				5C4B100B22B7F70A009DC20C /* Frameworks */,
				5C4B100C22B7F70A009DC20C /* CopyFiles */,
			);
			buildRules = (
			);
			dependencies = (
			);
			name = BoatsCLI;
			packageProductDependencies = (
				5C4B101522B7F769009DC20C /* BoatsKit */,
				5C4B101722B7F769009DC20C /* BoatsWeb */,
				5CC7858A240C5183008BFACE /* ArgumentParser */,
			);
			productName = BoatsCLI;
			productReference = 5C4B100E22B7F70A009DC20C /* boats-cli */;
			productType = "com.apple.product-type.tool";
		};
		5CED07AC22B7F47200CAE664 /* Boats */ = {
			isa = PBXNativeTarget;
			buildConfigurationList = 5CED07C122B7F47300CAE664 /* Build configuration list for PBXNativeTarget "Boats" */;
			buildPhases = (
				5CED07A922B7F47200CAE664 /* Sources */,
				5CED07AA22B7F47200CAE664 /* Frameworks */,
				5CED07AB22B7F47200CAE664 /* Resources */,
				5C28B17E22BC60050075B41A /* Set Build Number */,
				5CCA460022D235D60019DE59 /* Embed App Extensions */,
				5C357C6523EA2B4800914B7A /* Embed Watch Content */,
			);
			buildRules = (
			);
			dependencies = (
				5C357C6323EA2B4800914B7A /* PBXTargetDependency */,
			);
			name = Boats;
			packageProductDependencies = (
				5CBEE209242DADB400A77BE0 /* BoatsKit */,
				5CBEE20B242DADC900A77BE0 /* BoatsBot */,
			);
			productName = Boats;
			productReference = 5CED07AD22B7F47200CAE664 /* Boats.app */;
			productType = "com.apple.product-type.application";
		};
/* End PBXNativeTarget section */

/* Begin PBXProject section */
		5CED07A522B7F47200CAE664 /* Project object */ = {
			isa = PBXProject;
			attributes = {
				LastSwiftUpdateCheck = 1130;
				LastUpgradeCheck = 1120;
				ORGANIZATIONNAME = toddheasley;
				TargetAttributes = {
					5C357C4723EA2B4600914B7A = {
						CreatedOnToolsVersion = 11.3.1;
					};
					5C357C5323EA2B4700914B7A = {
						CreatedOnToolsVersion = 11.3.1;
					};
					5C4B100D22B7F70A009DC20C = {
						CreatedOnToolsVersion = 11.0;
					};
					5CED07AC22B7F47200CAE664 = {
						CreatedOnToolsVersion = 11.0;
						LastSwiftMigration = 1100;
					};
				};
			};
			buildConfigurationList = 5CED07A822B7F47200CAE664 /* Build configuration list for PBXProject "Boats" */;
			compatibilityVersion = "Xcode 9.3";
			developmentRegion = en;
			hasScannedForEncodings = 0;
			knownRegions = (
				en,
				Base,
			);
			mainGroup = 5CED07A422B7F47200CAE664;
			packageReferences = (
				5CC78589240C5183008BFACE /* XCRemoteSwiftPackageReference "swift-argument-parser" */,
			);
			productRefGroup = 5CED07AE22B7F47200CAE664 /* Products */;
			projectDirPath = "";
			projectRoot = "";
			targets = (
				5CED07AC22B7F47200CAE664 /* Boats */,
				5C357C4723EA2B4600914B7A /* BoatsWatch */,
				5C357C5323EA2B4700914B7A /* BoatsWatchExtension */,
				5C4B100D22B7F70A009DC20C /* BoatsCLI */,
			);
		};
/* End PBXProject section */

/* Begin PBXResourcesBuildPhase section */
		5C357C4623EA2B4600914B7A /* Resources */ = {
			isa = PBXResourcesBuildPhase;
			buildActionMask = 2147483647;
			files = (
				5C357C4E23EA2B4700914B7A /* Assets.xcassets in Resources */,
				5C357C4C23EA2B4600914B7A /* Interface.storyboard in Resources */,
			);
			runOnlyForDeploymentPostprocessing = 0;
		};
		5C357C5223EA2B4700914B7A /* Resources */ = {
			isa = PBXResourcesBuildPhase;
			buildActionMask = 2147483647;
			files = (
				5C357C6023EA2B4800914B7A /* Assets.xcassets in Resources */,
			);
			runOnlyForDeploymentPostprocessing = 0;
		};
		5CED07AB22B7F47200CAE664 /* Resources */ = {
			isa = PBXResourcesBuildPhase;
			buildActionMask = 2147483647;
			files = (
				5CED07BD22B7F47300CAE664 /* Launch.storyboard in Resources */,
				5CED07BA22B7F47300CAE664 /* Assets.xcassets in Resources */,
				5CED07B822B7F47200CAE664 /* Main.storyboard in Resources */,
			);
			runOnlyForDeploymentPostprocessing = 0;
		};
/* End PBXResourcesBuildPhase section */

/* Begin PBXShellScriptBuildPhase section */
		5C28B17E22BC60050075B41A /* Set Build Number */ = {
			isa = PBXShellScriptBuildPhase;
			buildActionMask = 2147483647;
			files = (
			);
			inputFileListPaths = (
			);
			inputPaths = (
			);
			name = "Set Build Number";
			outputFileListPaths = (
			);
			outputPaths = (
			);
			runOnlyForDeploymentPostprocessing = 0;
			shellPath = /bin/sh;
			shellScript = "git=`sh /etc/profile; which git`\nbundleVersion=`\"$git\" rev-list --all |wc -l`\n/usr/libexec/PlistBuddy -c \"Set :CFBundleVersion $bundleVersion\" \"${TARGET_BUILD_DIR}/${INFOPLIST_PATH}\"\n";
		};
		5CE137F423EA2FA4006645FF /* Set Build Number */ = {
			isa = PBXShellScriptBuildPhase;
			buildActionMask = 2147483647;
			files = (
			);
			inputFileListPaths = (
			);
			inputPaths = (
			);
			name = "Set Build Number";
			outputFileListPaths = (
			);
			outputPaths = (
			);
			runOnlyForDeploymentPostprocessing = 0;
			shellPath = /bin/sh;
			shellScript = "build=`$(sh /etc/profile; which git) rev-list --all |wc -l`\n/usr/libexec/PlistBuddy -c \"Set :CFBundleVersion $build\" \"$TARGET_BUILD_DIR/$INFOPLIST_PATH\"\n";
		};
		5CE137F523EA2FE4006645FF /* Set Build Number */ = {
			isa = PBXShellScriptBuildPhase;
			buildActionMask = 2147483647;
			files = (
			);
			inputFileListPaths = (
			);
			inputPaths = (
			);
			name = "Set Build Number";
			outputFileListPaths = (
			);
			outputPaths = (
			);
			runOnlyForDeploymentPostprocessing = 0;
			shellPath = /bin/sh;
			shellScript = "build=`$(sh /etc/profile; which git) rev-list --all |wc -l`\n/usr/libexec/PlistBuddy -c \"Set :CFBundleVersion $build\" \"$TARGET_BUILD_DIR/$INFOPLIST_PATH\"\n";
		};
/* End PBXShellScriptBuildPhase section */

/* Begin PBXSourcesBuildPhase section */
		5C357C5023EA2B4700914B7A /* Sources */ = {
			isa = PBXSourcesBuildPhase;
			buildActionMask = 2147483647;
			files = (
				5C357C5C23EA2B4700914B7A /* ExtensionDelegate.swift in Sources */,
				5CE1380423EA3466006645FF /* UIColor.swift in Sources */,
				5CE137FC23EA3304006645FF /* WCSession.swift in Sources */,
				5C357C5A23EA2B4700914B7A /* InterfaceController.swift in Sources */,
				5C26333623F8358B00F9A16D /* CLKComplication.swift in Sources */,
				5C357C5E23EA2B4700914B7A /* ComplicationController.swift in Sources */,
				5C26333B23F8808A00F9A16D /* UIImage.swift in Sources */,
				5CE137FB23EA32EE006645FF /* TimetableController.swift in Sources */,
			);
			runOnlyForDeploymentPostprocessing = 0;
		};
		5C4B100A22B7F70A009DC20C /* Sources */ = {
			isa = PBXSourcesBuildPhase;
			buildActionMask = 2147483647;
			files = (
				5C4B101122B7F70A009DC20C /* main.swift in Sources */,
				5CED51EB22BB272A006D6BAD /* Bundle.swift in Sources */,
				5CC7858D240C5260008BFACE /* BoatsCLI.swift in Sources */,
			);
			runOnlyForDeploymentPostprocessing = 0;
		};
		5CED07A922B7F47200CAE664 /* Sources */ = {
			isa = PBXSourcesBuildPhase;
			buildActionMask = 2147483647;
			files = (
				5C7CA83D23AFC90A0099F14E /* MainViewController.swift in Sources */,
				5C50E4B123D6407800C0D9CE /* WCSession.swift in Sources */,
				5C7CA84623B05F710099F14E /* ListControl.swift in Sources */,
				5CD52AA723B197D200A55963 /* DeviationView.swift in Sources */,
				5C9EE22723B409410029AA64 /* RefreshControl.swift in Sources */,
				5C02AD9D23B43A7C00824250 /* TimetableView.swift in Sources */,
				5CC34F5E23CC116F000C4702 /* NavigationControl.swift in Sources */,
				5C3B7EA223B5078600C0A36D /* MainView.swift in Sources */,
				5CED07B122B7F47200CAE664 /* AppDelegate.swift in Sources */,
				5CD52AAB23B1A28100A55963 /* CarView.swift in Sources */,
				5C9EE22523B307B70029AA64 /* SeasonLabel.swift in Sources */,
				5CB7FC9C23B2774C0004C197 /* RouteView.swift in Sources */,
				5C7CA84323B01F810099F14E /* UIImage.swift in Sources */,
				5CAB8EB723BE4D1800B97694 /* NavigationBar.swift in Sources */,
				5C6219FA2402D17300F4EC13 /* EmptyView.swift in Sources */,
				5CD52AA523B15F7900A55963 /* TimeView.swift in Sources */,
				5CDED58123B6B98A000D9658 /* ListView.swift in Sources */,
				5C9EE22323B301110029AA64 /* LinkControl.swift in Sources */,
				5C7CA84823B0647F0099F14E /* UIColor.swift in Sources */,
				5CD52AA923B1A21E00A55963 /* DepartureView.swift in Sources */,
				5CB7FCA223B28FF70004C197 /* UIView.swift in Sources */,
				5CC34F5C23CBC44B000C4702 /* DismissControl.swift in Sources */,
				5CED07B322B7F47200CAE664 /* SceneDelegate.swift in Sources */,
				5CA78CD723CCC1B3007981B2 /* TitleLabel.swift in Sources */,
				5CB7FC9E23B277A40004C197 /* IndexView.swift in Sources */,
				5C7CA84123AFD27B0099F14E /* IndexViewController.swift in Sources */,
			);
			runOnlyForDeploymentPostprocessing = 0;
		};
/* End PBXSourcesBuildPhase section */

/* Begin PBXTargetDependency section */
		5C357C5723EA2B4700914B7A /* PBXTargetDependency */ = {
			isa = PBXTargetDependency;
			target = 5C357C5323EA2B4700914B7A /* BoatsWatchExtension */;
			targetProxy = 5C357C5623EA2B4700914B7A /* PBXContainerItemProxy */;
		};
		5C357C6323EA2B4800914B7A /* PBXTargetDependency */ = {
			isa = PBXTargetDependency;
			platformFilter = ios;
			target = 5C357C4723EA2B4600914B7A /* BoatsWatch */;
			targetProxy = 5C357C6223EA2B4800914B7A /* PBXContainerItemProxy */;
		};
/* End PBXTargetDependency section */

/* Begin PBXVariantGroup section */
		5C357C4A23EA2B4600914B7A /* Interface.storyboard */ = {
			isa = PBXVariantGroup;
			children = (
				5C357C4B23EA2B4600914B7A /* Base */,
			);
			name = Interface.storyboard;
			sourceTree = "<group>";
		};
		5CED07B622B7F47200CAE664 /* Main.storyboard */ = {
			isa = PBXVariantGroup;
			children = (
				5CED07B722B7F47200CAE664 /* Base */,
			);
			name = Main.storyboard;
			sourceTree = "<group>";
		};
		5CED07BB22B7F47300CAE664 /* Launch.storyboard */ = {
			isa = PBXVariantGroup;
			children = (
				5CED07BC22B7F47300CAE664 /* Base */,
			);
			name = Launch.storyboard;
			sourceTree = "<group>";
		};
/* End PBXVariantGroup section */

/* Begin XCBuildConfiguration section */
		5C357C6623EA2B4800914B7A /* Debug */ = {
			isa = XCBuildConfiguration;
			buildSettings = {
				ALWAYS_EMBED_SWIFT_STANDARD_LIBRARIES = YES;
				ASSETCATALOG_COMPILER_APPICON_NAME = AppIcon;
				CODE_SIGN_STYLE = Automatic;
				CURRENT_PROJECT_VERSION = 0;
				DEVELOPMENT_TEAM = 9Q3DL72K7D;
				IBSC_MODULE = BoatsWatchExtension;
				INFOPLIST_FILE = BoatsWatch/Info.plist;
				MARKETING_VERSION = 4.0.1;
				PRODUCT_BUNDLE_IDENTIFIER = com.toddheasley.ios.boats.watchkitapp;
				PRODUCT_NAME = "$(TARGET_NAME)";
				SDKROOT = watchos;
				SKIP_INSTALL = YES;
				SWIFT_VERSION = 5.0;
				TARGETED_DEVICE_FAMILY = 4;
				WATCHOS_DEPLOYMENT_TARGET = 6.2;
			};
			name = Debug;
		};
		5C357C6723EA2B4800914B7A /* Release */ = {
			isa = XCBuildConfiguration;
			buildSettings = {
				ALWAYS_EMBED_SWIFT_STANDARD_LIBRARIES = YES;
				ASSETCATALOG_COMPILER_APPICON_NAME = AppIcon;
				CODE_SIGN_STYLE = Automatic;
				CURRENT_PROJECT_VERSION = 0;
				DEVELOPMENT_TEAM = 9Q3DL72K7D;
				IBSC_MODULE = BoatsWatchExtension;
				INFOPLIST_FILE = BoatsWatch/Info.plist;
				MARKETING_VERSION = 4.0.1;
				PRODUCT_BUNDLE_IDENTIFIER = com.toddheasley.ios.boats.watchkitapp;
				PRODUCT_NAME = "$(TARGET_NAME)";
				SDKROOT = watchos;
				SKIP_INSTALL = YES;
				SWIFT_VERSION = 5.0;
				TARGETED_DEVICE_FAMILY = 4;
				WATCHOS_DEPLOYMENT_TARGET = 6.2;
			};
			name = Release;
		};
		5C357C6923EA2B4800914B7A /* Debug */ = {
			isa = XCBuildConfiguration;
			buildSettings = {
				ASSETCATALOG_COMPILER_COMPLICATION_NAME = Complication;
				CODE_SIGN_ENTITLEMENTS = BoatsWatchExtension/BoatsWatchExtension.entitlements;
				CODE_SIGN_STYLE = Automatic;
				CURRENT_PROJECT_VERSION = 0;
				DEVELOPMENT_TEAM = 9Q3DL72K7D;
				INFOPLIST_FILE = BoatsWatchExtension/Info.plist;
				LD_RUNPATH_SEARCH_PATHS = (
					"$(inherited)",
					"@executable_path/Frameworks",
					"@executable_path/../../Frameworks",
				);
				MARKETING_VERSION = 4.0.1;
				PRODUCT_BUNDLE_IDENTIFIER = com.toddheasley.ios.boats.watchkitapp.watchkitextension;
				PRODUCT_NAME = BoatsWatchExtension;
				SDKROOT = watchos;
				SKIP_INSTALL = YES;
				SWIFT_VERSION = 5.0;
				TARGETED_DEVICE_FAMILY = 4;
				WATCHOS_DEPLOYMENT_TARGET = 6.2;
			};
			name = Debug;
		};
		5C357C6A23EA2B4800914B7A /* Release */ = {
			isa = XCBuildConfiguration;
			buildSettings = {
				ASSETCATALOG_COMPILER_COMPLICATION_NAME = Complication;
				CODE_SIGN_ENTITLEMENTS = BoatsWatchExtension/BoatsWatchExtension.entitlements;
				CODE_SIGN_STYLE = Automatic;
				CURRENT_PROJECT_VERSION = 0;
				DEVELOPMENT_TEAM = 9Q3DL72K7D;
				INFOPLIST_FILE = BoatsWatchExtension/Info.plist;
				LD_RUNPATH_SEARCH_PATHS = (
					"$(inherited)",
					"@executable_path/Frameworks",
					"@executable_path/../../Frameworks",
				);
				MARKETING_VERSION = 4.0.1;
				PRODUCT_BUNDLE_IDENTIFIER = com.toddheasley.ios.boats.watchkitapp.watchkitextension;
				PRODUCT_NAME = BoatsWatchExtension;
				SDKROOT = watchos;
				SKIP_INSTALL = YES;
				SWIFT_VERSION = 5.0;
				TARGETED_DEVICE_FAMILY = 4;
				WATCHOS_DEPLOYMENT_TARGET = 6.2;
			};
			name = Release;
		};
		5C4B101322B7F70A009DC20C /* Debug */ = {
			isa = XCBuildConfiguration;
			buildSettings = {
				CODE_SIGN_IDENTITY = "-";
				CODE_SIGN_STYLE = Automatic;
				DEVELOPMENT_TEAM = 9Q3DL72K7D;
				ENABLE_HARDENED_RUNTIME = YES;
				MACOSX_DEPLOYMENT_TARGET = 10.15;
				PRODUCT_NAME = "boats-cli";
				SDKROOT = macosx;
				SWIFT_VERSION = 5.0;
			};
			name = Debug;
		};
		5C4B101422B7F70A009DC20C /* Release */ = {
			isa = XCBuildConfiguration;
			buildSettings = {
				CODE_SIGN_IDENTITY = "-";
				CODE_SIGN_STYLE = Automatic;
				DEVELOPMENT_TEAM = 9Q3DL72K7D;
				ENABLE_HARDENED_RUNTIME = YES;
				MACOSX_DEPLOYMENT_TARGET = 10.15;
				PRODUCT_NAME = "boats-cli";
				SDKROOT = macosx;
				SWIFT_VERSION = 5.0;
			};
			name = Release;
		};
		5CED07BF22B7F47300CAE664 /* Debug */ = {
			isa = XCBuildConfiguration;
			buildSettings = {
				ALWAYS_SEARCH_USER_PATHS = NO;
				CLANG_ANALYZER_NONNULL = YES;
				CLANG_ANALYZER_NUMBER_OBJECT_CONVERSION = YES_AGGRESSIVE;
				CLANG_CXX_LANGUAGE_STANDARD = "gnu++14";
				CLANG_CXX_LIBRARY = "libc++";
				CLANG_ENABLE_MODULES = YES;
				CLANG_ENABLE_OBJC_ARC = YES;
				CLANG_ENABLE_OBJC_WEAK = YES;
				CLANG_WARN_BLOCK_CAPTURE_AUTORELEASING = YES;
				CLANG_WARN_BOOL_CONVERSION = YES;
				CLANG_WARN_COMMA = YES;
				CLANG_WARN_CONSTANT_CONVERSION = YES;
				CLANG_WARN_DEPRECATED_OBJC_IMPLEMENTATIONS = YES;
				CLANG_WARN_DIRECT_OBJC_ISA_USAGE = YES_ERROR;
				CLANG_WARN_DOCUMENTATION_COMMENTS = YES;
				CLANG_WARN_EMPTY_BODY = YES;
				CLANG_WARN_ENUM_CONVERSION = YES;
				CLANG_WARN_INFINITE_RECURSION = YES;
				CLANG_WARN_INT_CONVERSION = YES;
				CLANG_WARN_NON_LITERAL_NULL_CONVERSION = YES;
				CLANG_WARN_OBJC_IMPLICIT_RETAIN_SELF = YES;
				CLANG_WARN_OBJC_LITERAL_CONVERSION = YES;
				CLANG_WARN_OBJC_ROOT_CLASS = YES_ERROR;
				CLANG_WARN_RANGE_LOOP_ANALYSIS = YES;
				CLANG_WARN_STRICT_PROTOTYPES = YES;
				CLANG_WARN_SUSPICIOUS_MOVE = YES;
				CLANG_WARN_UNGUARDED_AVAILABILITY = YES_AGGRESSIVE;
				CLANG_WARN_UNREACHABLE_CODE = YES;
				CLANG_WARN__DUPLICATE_METHOD_MATCH = YES;
				COPY_PHASE_STRIP = NO;
				DEBUG_INFORMATION_FORMAT = dwarf;
				ENABLE_STRICT_OBJC_MSGSEND = YES;
				ENABLE_TESTABILITY = YES;
				GCC_C_LANGUAGE_STANDARD = gnu11;
				GCC_DYNAMIC_NO_PIC = NO;
				GCC_NO_COMMON_BLOCKS = YES;
				GCC_OPTIMIZATION_LEVEL = 0;
				GCC_PREPROCESSOR_DEFINITIONS = (
					"DEBUG=1",
					"$(inherited)",
				);
				GCC_WARN_64_TO_32_BIT_CONVERSION = YES;
				GCC_WARN_ABOUT_RETURN_TYPE = YES_ERROR;
				GCC_WARN_UNDECLARED_SELECTOR = YES;
				GCC_WARN_UNINITIALIZED_AUTOS = YES_AGGRESSIVE;
				GCC_WARN_UNUSED_FUNCTION = YES;
				GCC_WARN_UNUSED_VARIABLE = YES;
				IPHONEOS_DEPLOYMENT_TARGET = 13.4;
				MACOSX_DEPLOYMENT_TARGET = 10.15;
				MTL_ENABLE_DEBUG_INFO = INCLUDE_SOURCE;
				MTL_FAST_MATH = YES;
				ONLY_ACTIVE_ARCH = YES;
				SDKROOT = iphoneos;
				SWIFT_ACTIVE_COMPILATION_CONDITIONS = DEBUG;
				SWIFT_OPTIMIZATION_LEVEL = "-Onone";
				WATCHOS_DEPLOYMENT_TARGET = 6.2;
			};
			name = Debug;
		};
		5CED07C022B7F47300CAE664 /* Release */ = {
			isa = XCBuildConfiguration;
			buildSettings = {
				ALWAYS_SEARCH_USER_PATHS = NO;
				CLANG_ANALYZER_NONNULL = YES;
				CLANG_ANALYZER_NUMBER_OBJECT_CONVERSION = YES_AGGRESSIVE;
				CLANG_CXX_LANGUAGE_STANDARD = "gnu++14";
				CLANG_CXX_LIBRARY = "libc++";
				CLANG_ENABLE_MODULES = YES;
				CLANG_ENABLE_OBJC_ARC = YES;
				CLANG_ENABLE_OBJC_WEAK = YES;
				CLANG_WARN_BLOCK_CAPTURE_AUTORELEASING = YES;
				CLANG_WARN_BOOL_CONVERSION = YES;
				CLANG_WARN_COMMA = YES;
				CLANG_WARN_CONSTANT_CONVERSION = YES;
				CLANG_WARN_DEPRECATED_OBJC_IMPLEMENTATIONS = YES;
				CLANG_WARN_DIRECT_OBJC_ISA_USAGE = YES_ERROR;
				CLANG_WARN_DOCUMENTATION_COMMENTS = YES;
				CLANG_WARN_EMPTY_BODY = YES;
				CLANG_WARN_ENUM_CONVERSION = YES;
				CLANG_WARN_INFINITE_RECURSION = YES;
				CLANG_WARN_INT_CONVERSION = YES;
				CLANG_WARN_NON_LITERAL_NULL_CONVERSION = YES;
				CLANG_WARN_OBJC_IMPLICIT_RETAIN_SELF = YES;
				CLANG_WARN_OBJC_LITERAL_CONVERSION = YES;
				CLANG_WARN_OBJC_ROOT_CLASS = YES_ERROR;
				CLANG_WARN_RANGE_LOOP_ANALYSIS = YES;
				CLANG_WARN_STRICT_PROTOTYPES = YES;
				CLANG_WARN_SUSPICIOUS_MOVE = YES;
				CLANG_WARN_UNGUARDED_AVAILABILITY = YES_AGGRESSIVE;
				CLANG_WARN_UNREACHABLE_CODE = YES;
				CLANG_WARN__DUPLICATE_METHOD_MATCH = YES;
				COPY_PHASE_STRIP = NO;
				DEBUG_INFORMATION_FORMAT = "dwarf-with-dsym";
				ENABLE_NS_ASSERTIONS = NO;
				ENABLE_STRICT_OBJC_MSGSEND = YES;
				GCC_C_LANGUAGE_STANDARD = gnu11;
				GCC_NO_COMMON_BLOCKS = YES;
				GCC_WARN_64_TO_32_BIT_CONVERSION = YES;
				GCC_WARN_ABOUT_RETURN_TYPE = YES_ERROR;
				GCC_WARN_UNDECLARED_SELECTOR = YES;
				GCC_WARN_UNINITIALIZED_AUTOS = YES_AGGRESSIVE;
				GCC_WARN_UNUSED_FUNCTION = YES;
				GCC_WARN_UNUSED_VARIABLE = YES;
				IPHONEOS_DEPLOYMENT_TARGET = 13.4;
				MACOSX_DEPLOYMENT_TARGET = 10.15;
				MTL_ENABLE_DEBUG_INFO = NO;
				MTL_FAST_MATH = YES;
				SDKROOT = iphoneos;
				SWIFT_COMPILATION_MODE = wholemodule;
				SWIFT_OPTIMIZATION_LEVEL = "-O";
				VALIDATE_PRODUCT = YES;
				WATCHOS_DEPLOYMENT_TARGET = 6.2;
			};
			name = Release;
		};
		5CED07C222B7F47300CAE664 /* Debug */ = {
			isa = XCBuildConfiguration;
			buildSettings = {
				ALWAYS_EMBED_SWIFT_STANDARD_LIBRARIES = YES;
				ASSETCATALOG_COMPILER_APPICON_NAME = AppIcon;
				CLANG_ENABLE_MODULES = YES;
				CODE_SIGN_ENTITLEMENTS = Boats/Boats.entitlements;
				CODE_SIGN_IDENTITY = "Apple Development";
				"CODE_SIGN_IDENTITY[sdk=macosx*]" = "Apple Development";
				CODE_SIGN_STYLE = Automatic;
				CURRENT_PROJECT_VERSION = 0;
				DERIVE_MACCATALYST_PRODUCT_BUNDLE_IDENTIFIER = YES;
				DERIVE_UIKITFORMAC_PRODUCT_BUNDLE_IDENTIFIER = YES;
				DEVELOPMENT_TEAM = 9Q3DL72K7D;
				INFOPLIST_FILE = Boats/Info.plist;
				LD_RUNPATH_SEARCH_PATHS = (
					"$(inherited)",
					"@executable_path/Frameworks",
				);
				MARKETING_VERSION = 4.0.1;
				PRODUCT_BUNDLE_IDENTIFIER = com.toddheasley.ios.boats;
				PRODUCT_NAME = "$(TARGET_NAME)";
				PROVISIONING_PROFILE_SPECIFIER = "";
				"PROVISIONING_PROFILE_SPECIFIER[sdk=macosx*]" = "";
				SUPPORTS_MACCATALYST = YES;
				SUPPORTS_UIKITFORMAC = YES;
				SWIFT_OPTIMIZATION_LEVEL = "-Onone";
				SWIFT_VERSION = 5.0;
				TARGETED_DEVICE_FAMILY = "1,2";
			};
			name = Debug;
		};
		5CED07C322B7F47300CAE664 /* Release */ = {
			isa = XCBuildConfiguration;
			buildSettings = {
				ALWAYS_EMBED_SWIFT_STANDARD_LIBRARIES = YES;
				ASSETCATALOG_COMPILER_APPICON_NAME = AppIcon;
				CLANG_ENABLE_MODULES = YES;
				CODE_SIGN_ENTITLEMENTS = Boats/Boats.entitlements;
				CODE_SIGN_IDENTITY = "Apple Development";
				"CODE_SIGN_IDENTITY[sdk=macosx*]" = "Apple Development";
				CODE_SIGN_STYLE = Automatic;
				CURRENT_PROJECT_VERSION = 0;
				DERIVE_MACCATALYST_PRODUCT_BUNDLE_IDENTIFIER = YES;
				DERIVE_UIKITFORMAC_PRODUCT_BUNDLE_IDENTIFIER = YES;
				DEVELOPMENT_TEAM = 9Q3DL72K7D;
				INFOPLIST_FILE = Boats/Info.plist;
				LD_RUNPATH_SEARCH_PATHS = (
					"$(inherited)",
					"@executable_path/Frameworks",
				);
				MARKETING_VERSION = 4.0.1;
				PRODUCT_BUNDLE_IDENTIFIER = com.toddheasley.ios.boats;
				PRODUCT_NAME = "$(TARGET_NAME)";
				PROVISIONING_PROFILE_SPECIFIER = "";
				"PROVISIONING_PROFILE_SPECIFIER[sdk=macosx*]" = "";
				SUPPORTS_MACCATALYST = YES;
				SUPPORTS_UIKITFORMAC = YES;
				SWIFT_VERSION = 5.0;
				TARGETED_DEVICE_FAMILY = "1,2";
			};
			name = Release;
		};
/* End XCBuildConfiguration section */

/* Begin XCConfigurationList section */
		5C357C6B23EA2B4800914B7A /* Build configuration list for PBXNativeTarget "BoatsWatchExtension" */ = {
			isa = XCConfigurationList;
			buildConfigurations = (
				5C357C6923EA2B4800914B7A /* Debug */,
				5C357C6A23EA2B4800914B7A /* Release */,
			);
			defaultConfigurationIsVisible = 0;
			defaultConfigurationName = Release;
		};
		5C357C6C23EA2B4800914B7A /* Build configuration list for PBXNativeTarget "BoatsWatch" */ = {
			isa = XCConfigurationList;
			buildConfigurations = (
				5C357C6623EA2B4800914B7A /* Debug */,
				5C357C6723EA2B4800914B7A /* Release */,
			);
			defaultConfigurationIsVisible = 0;
			defaultConfigurationName = Release;
		};
		5C4B101222B7F70A009DC20C /* Build configuration list for PBXNativeTarget "BoatsCLI" */ = {
			isa = XCConfigurationList;
			buildConfigurations = (
				5C4B101322B7F70A009DC20C /* Debug */,
				5C4B101422B7F70A009DC20C /* Release */,
			);
			defaultConfigurationIsVisible = 0;
			defaultConfigurationName = Release;
		};
		5CED07A822B7F47200CAE664 /* Build configuration list for PBXProject "Boats" */ = {
			isa = XCConfigurationList;
			buildConfigurations = (
				5CED07BF22B7F47300CAE664 /* Debug */,
				5CED07C022B7F47300CAE664 /* Release */,
			);
			defaultConfigurationIsVisible = 0;
			defaultConfigurationName = Release;
		};
		5CED07C122B7F47300CAE664 /* Build configuration list for PBXNativeTarget "Boats" */ = {
			isa = XCConfigurationList;
			buildConfigurations = (
				5CED07C222B7F47300CAE664 /* Debug */,
				5CED07C322B7F47300CAE664 /* Release */,
			);
			defaultConfigurationIsVisible = 0;
			defaultConfigurationName = Release;
		};
/* End XCConfigurationList section */

/* Begin XCRemoteSwiftPackageReference section */
		5CC78589240C5183008BFACE /* XCRemoteSwiftPackageReference "swift-argument-parser" */ = {
			isa = XCRemoteSwiftPackageReference;
			repositoryURL = "https://github.com/apple/swift-argument-parser";
			requirement = {
				kind = upToNextMajorVersion;
				minimumVersion = 0.0.4;
			};
		};
/* End XCRemoteSwiftPackageReference section */

/* Begin XCSwiftPackageProductDependency section */
		5C4B101522B7F769009DC20C /* BoatsKit */ = {
			isa = XCSwiftPackageProductDependency;
			productName = BoatsKit;
		};
		5C4B101722B7F769009DC20C /* BoatsWeb */ = {
			isa = XCSwiftPackageProductDependency;
			productName = BoatsWeb;
		};
		5CBEE209242DADB400A77BE0 /* BoatsKit */ = {
			isa = XCSwiftPackageProductDependency;
			productName = BoatsKit;
		};
		5CBEE20B242DADC900A77BE0 /* BoatsBot */ = {
			isa = XCSwiftPackageProductDependency;
			productName = BoatsBot;
		};
		5CC7858A240C5183008BFACE /* ArgumentParser */ = {
			isa = XCSwiftPackageProductDependency;
			package = 5CC78589240C5183008BFACE /* XCRemoteSwiftPackageReference "swift-argument-parser" */;
			productName = ArgumentParser;
		};
		5CE137F623EA32B3006645FF /* BoatsBot */ = {
			isa = XCSwiftPackageProductDependency;
			productName = BoatsBot;
		};
		5CE137F823EA32B9006645FF /* BoatsKit */ = {
			isa = XCSwiftPackageProductDependency;
			productName = BoatsKit;
		};
/* End XCSwiftPackageProductDependency section */
	};
	rootObject = 5CED07A522B7F47200CAE664 /* Project object */;
}
